// !$*UTF8*$!
{
	archiveVersion = 1;
	classes = {
	};
	objectVersion = 77;
	objects = {

/* Begin PBXBuildFile section */
		0089154318A4683A07D2918C /* BlinkingCursor.swift in Sources */ = {isa = PBXBuildFile; fileRef = 3927622EC3475A69EE524899 /* BlinkingCursor.swift */; };
		00BFD5EFCCE2F178469BBA9E /* ToolManagerState.swift in Sources */ = {isa = PBXBuildFile; fileRef = A64B96EAA100E627F4E8E0A1 /* ToolManagerState.swift */; };
		03FDC63893F3CAA82BCE2A49 /* TabBarState.swift in Sources */ = {isa = PBXBuildFile; fileRef = 0A7AA0437B5C38BA8A8A80D5 /* TabBarState.swift */; };
		058481A528AFB6C7225A067D /* MouseInputTests.swift in Sources */ = {isa = PBXBuildFile; fileRef = AA65B90C0347C6496C7FA986 /* MouseInputTests.swift */; };
		067369CB702835E93D254606 /* PipelineCache.swift in Sources */ = {isa = PBXBuildFile; fileRef = 3EE75BA15B74A84B77B5B911 /* PipelineCache.swift */; };
		06D57AD02306EA08C458CC11 /* WorkspaceIconPicker.swift in Sources */ = {isa = PBXBuildFile; fileRef = 73F9A4109AB33ABF7FB441EE /* WorkspaceIconPicker.swift */; };
		0704C24443A8A7455BE7853E /* GUIState.swift in Sources */ = {isa = PBXBuildFile; fileRef = C2AC58C2F81C6E5B2C7004B3 /* GUIState.swift */; };
		07C32C28178AE5675ACF4539 /* CommandDispatcher.swift in Sources */ = {isa = PBXBuildFile; fileRef = C21AB9021A9BCB034C13109A /* CommandDispatcher.swift */; };
		07C6F28E3CD1A55ABD5344AA /* SlotAllocatorTests.swift in Sources */ = {isa = PBXBuildFile; fileRef = 9F8372175FF223C9260B00C4 /* SlotAllocatorTests.swift */; };
		084A4F7680D533CDACEC729A /* StatusBarView.swift in Sources */ = {isa = PBXBuildFile; fileRef = E892F827AFBE959F9DF25C05 /* StatusBarView.swift */; };
		0B68D79FFC2E1BC94D2B8F9F /* ChangeSummaryView.swift in Sources */ = {isa = PBXBuildFile; fileRef = 2812AE57C17D25D125076FA3 /* ChangeSummaryView.swift */; };
		0BCDFB56E8397D739F52ED34 /* StateLifecycleTests.swift in Sources */ = {isa = PBXBuildFile; fileRef = 5634B25BE5BB945A83E30FAD /* StateLifecycleTests.swift */; };
		0D5DFD181E86D51707D3A59E /* AgentChatView.swift in Sources */ = {isa = PBXBuildFile; fileRef = DD14027C8C7BD17057DE820B /* AgentChatView.swift */; };
		0D8C5FFA3F7BE723E50A58B6 /* BoardState.swift in Sources */ = {isa = PBXBuildFile; fileRef = 2F80894B4E875FD2C66F14CC /* BoardState.swift */; };
		0E10D47CFF85000F62B5AB9A /* TextHighlighting.swift in Sources */ = {isa = PBXBuildFile; fileRef = BDA1A468192F9DE2BBF374DD /* TextHighlighting.swift */; };
		1309895DD1E560D133E0A932 /* BoardTypes.swift in Sources */ = {isa = PBXBuildFile; fileRef = 4C874A0099721763D5109D99 /* BoardTypes.swift */; };
		16116567DD7218A82575360A /* CoreTextShaders.metal in Sources */ = {isa = PBXBuildFile; fileRef = 48E21C30D142028698027567 /* CoreTextShaders.metal */; };
		1631D7B76B33CD897C48F263 /* IMECompositionTests.swift in Sources */ = {isa = PBXBuildFile; fileRef = F6C3196976BC934B3112EF96 /* IMECompositionTests.swift */; };
		16B6B2060971E871478C57A8 /* BoardView.swift in Sources */ = {isa = PBXBuildFile; fileRef = CC4D2EC281455699168DA872 /* BoardView.swift */; };
		17338247D6D83DAF4DE5B9EA /* SidebarContainer.swift in Sources */ = {isa = PBXBuildFile; fileRef = 452AAEF9518FDDF1FF8F51B0 /* SidebarContainer.swift */; };
		18F0DDA03D08C0B4302DCCF4 /* BitmapRasterizer.swift in Sources */ = {isa = PBXBuildFile; fileRef = 42375D2D8B25AF31BEB11AB5 /* BitmapRasterizer.swift */; };
		1965FE752C77D2EB386EC4D8 /* BottomPanelView.swift in Sources */ = {isa = PBXBuildFile; fileRef = 443B3C2F0C91435E5C5A2E73 /* BottomPanelView.swift */; };
		19BF036E1B3A3CF589C5F578 /* SidebarHeaderButton.swift in Sources */ = {isa = PBXBuildFile; fileRef = 1C991989EF4CA9F705DD3F4E /* SidebarHeaderButton.swift */; };
		19E561E5F7841B2CF1ABB085 /* BEAMProcessManager.swift in Sources */ = {isa = PBXBuildFile; fileRef = F0EFEC421284D11AD2177113 /* BEAMProcessManager.swift */; };
		1F9F7B302A2A8598C1391FA0 /* AgentChatState.swift in Sources */ = {isa = PBXBuildFile; fileRef = E244758FFE2BDDE3A8108C70 /* AgentChatState.swift */; };
		23DA463A92D1EC2F7BFA5B5A /* CoreTextMetalRenderer.swift in Sources */ = {isa = PBXBuildFile; fileRef = 5DDE4A535E0895090BF02EE8 /* CoreTextMetalRenderer.swift */; };
		25B21FDC79D3F65CAA270C99 /* Instrumentation.swift in Sources */ = {isa = PBXBuildFile; fileRef = 53CEDDFB3856C44BA51C8A7B /* Instrumentation.swift */; };
		26DAAF2C2CCC2713AD30C539 /* LineTextureAtlas.swift in Sources */ = {isa = PBXBuildFile; fileRef = 4742DDE225F256A140177301 /* LineTextureAtlas.swift */; };
		28F3D7BFADCE4A2509D66C2B /* CommandDispatcherTests.swift in Sources */ = {isa = PBXBuildFile; fileRef = 470991E7B3850B1AADFD46FD /* CommandDispatcherTests.swift */; };
		2A5DCAC8284B11CD4F8625A5 /* SignatureHelpState.swift in Sources */ = {isa = PBXBuildFile; fileRef = 3EED42A8B64B9CDFEF37ED9D /* SignatureHelpState.swift */; };
		2BA99A1851D0FF01436D5FF8 /* ToolManagerState.swift in Sources */ = {isa = PBXBuildFile; fileRef = A64B96EAA100E627F4E8E0A1 /* ToolManagerState.swift */; };
		2CB47C7E5221C260DE6EE77F /* ToolManagerView.swift in Sources */ = {isa = PBXBuildFile; fileRef = ED47BC6334A067AE04FEE032 /* ToolManagerView.swift */; };
		2F5F89DAEB979F0B5ACB9E7F /* AgentContextBarState.swift in Sources */ = {isa = PBXBuildFile; fileRef = 65D15FC229A7AAA6AD493D1F /* AgentContextBarState.swift */; };
		30E31170A79F30413D15D858 /* GUIChromeDecoderTests.swift in Sources */ = {isa = PBXBuildFile; fileRef = 754C68BAFE0C4DB553BFD06A /* GUIChromeDecoderTests.swift */; };
		31B993BFA99DD58462B8924B /* SparklineView.swift in Sources */ = {isa = PBXBuildFile; fileRef = 9958CDCF40B9580E12AD1A81 /* SparklineView.swift */; };
		31E0D1C2347322703DA6CC71 /* FileTreeView.swift in Sources */ = {isa = PBXBuildFile; fileRef = 5458552EC58E44C7CD15A98A /* FileTreeView.swift */; };
		32171233224FC90E1E956631 /* PickerState.swift in Sources */ = {isa = PBXBuildFile; fileRef = 92C0836F0D4150126F181C05 /* PickerState.swift */; };
		3576D476C304CBAEA792D86A /* AgentContextBarState.swift in Sources */ = {isa = PBXBuildFile; fileRef = 65D15FC229A7AAA6AD493D1F /* AgentContextBarState.swift */; };
		364C48575BB95C9CA535A9C8 /* ProtocolReader.swift in Sources */ = {isa = PBXBuildFile; fileRef = 4AF6BEBA233BA1169CF8C642 /* ProtocolReader.swift */; };
		364F7DD64DD5E3AF11361F9B /* SparklineView.swift in Sources */ = {isa = PBXBuildFile; fileRef = 9958CDCF40B9580E12AD1A81 /* SparklineView.swift */; };
		36E0C059965477465E15CC02 /* GUIState.swift in Sources */ = {isa = PBXBuildFile; fileRef = C2AC58C2F81C6E5B2C7004B3 /* GUIState.swift */; };
		3767C83415B32C31B33EFFFB /* MinibufferState.swift in Sources */ = {isa = PBXBuildFile; fileRef = 02D2D3B0C9A042E9A5C485E1 /* MinibufferState.swift */; };
		393F9EE9CE5F6691781C8CF7 /* MinibufferView.swift in Sources */ = {isa = PBXBuildFile; fileRef = 05DDF3EED1B486C4639A06FF /* MinibufferView.swift */; };
		3943C8DF3827347B61E6B725 /* MinibufferView.swift in Sources */ = {isa = PBXBuildFile; fileRef = 05DDF3EED1B486C4639A06FF /* MinibufferView.swift */; };
		3CD49A10C9BA962BBCB00CA8 /* MessagesContentState.swift in Sources */ = {isa = PBXBuildFile; fileRef = 7A67102D81C9E70546F1019B /* MessagesContentState.swift */; };
		41DCC27275D0E8E903EAA061 /* SidebarViewTests.swift in Sources */ = {isa = PBXBuildFile; fileRef = 1BD0DFA1F5211213E7AD6FA7 /* SidebarViewTests.swift */; };
		42E4FAA9F204D88F8D19EFF6 /* MessagesContentView.swift in Sources */ = {isa = PBXBuildFile; fileRef = AFE9DFE38318A361BEF0B773 /* MessagesContentView.swift */; };
		44D48DF33203C53ACC3BA1AA /* WindowContent.swift in Sources */ = {isa = PBXBuildFile; fileRef = 790F7E20F30FEEFC552B3685 /* WindowContent.swift */; };
		4515011E135C9FAE8D843610 /* ProtocolTypes.swift in Sources */ = {isa = PBXBuildFile; fileRef = 08DE9CEF5C3D599B42635554 /* ProtocolTypes.swift */; };
		464594D4B82950CD0F0F250A /* VibrancyBackground.swift in Sources */ = {isa = PBXBuildFile; fileRef = 074581CB7F823DBB4563E3A3 /* VibrancyBackground.swift */; };
		4699A67786955024F156446F /* WhichKeyOverlay.swift in Sources */ = {isa = PBXBuildFile; fileRef = CF8ACE680725ECE21E6E03B4 /* WhichKeyOverlay.swift */; };
		4ADE54090FEEF5AA2A6C86A0 /* WindowContentRenderer.swift in Sources */ = {isa = PBXBuildFile; fileRef = CC335D7973205BF8B7EDD8EA /* WindowContentRenderer.swift */; };
		4D631534301A80CEC8BC147A /* AgentContextBar.swift in Sources */ = {isa = PBXBuildFile; fileRef = 0E2EC7DA888E31E55CE0D715 /* AgentContextBar.swift */; };
		4D83576C27CB59935BE53667 /* ToolManagerView.swift in Sources */ = {isa = PBXBuildFile; fileRef = ED47BC6334A067AE04FEE032 /* ToolManagerView.swift */; };
		4DF0BD94C77CA840CC92ACB7 /* AgentChatView.swift in Sources */ = {isa = PBXBuildFile; fileRef = DD14027C8C7BD17057DE820B /* AgentChatView.swift */; };
		4E1EEFA65935DCE58528E02B /* PipelineCacheTests.swift in Sources */ = {isa = PBXBuildFile; fileRef = 321E4E28F5F49F089CCE2E1D /* PipelineCacheTests.swift */; };
		50197E6E97D44EB7FF02A4E9 /* HoverPopupState.swift in Sources */ = {isa = PBXBuildFile; fileRef = B66E4E27BE182768B01E5F64 /* HoverPopupState.swift */; };
		51BE3CA19AB1A7E18479EDD4 /* HoverPopupOverlay.swift in Sources */ = {isa = PBXBuildFile; fileRef = CBE5B840DF73BAC1A97CB7E6 /* HoverPopupOverlay.swift */; };
		527C7DB557EFD09B3161BC20 /* CoreTextMetalRenderer.swift in Sources */ = {isa = PBXBuildFile; fileRef = 5DDE4A535E0895090BF02EE8 /* CoreTextMetalRenderer.swift */; };
		531166B714D49278BA811033 /* StatusBarView.swift in Sources */ = {isa = PBXBuildFile; fileRef = E892F827AFBE959F9DF25C05 /* StatusBarView.swift */; };
		5311F1060367B40B4077309F /* FileTreeView.swift in Sources */ = {isa = PBXBuildFile; fileRef = 5458552EC58E44C7CD15A98A /* FileTreeView.swift */; };
		58D1135E113BF3A33EF7815F /* WindowContent.swift in Sources */ = {isa = PBXBuildFile; fileRef = 790F7E20F30FEEFC552B3685 /* WindowContent.swift */; };
		59546703C9DBB4BA6E15DE28 /* BottomPanelView.swift in Sources */ = {isa = PBXBuildFile; fileRef = 443B3C2F0C91435E5C5A2E73 /* BottomPanelView.swift */; };
		5BEEC2FD4D95EBA70FE036E7 /* BottomPanelState.swift in Sources */ = {isa = PBXBuildFile; fileRef = 638ED9425257ED4E5A2A9C5A /* BottomPanelState.swift */; };
		5CADBD593C49EE44EBBD854E /* PortLogger.swift in Sources */ = {isa = PBXBuildFile; fileRef = 3E23DC6E0ACB156F21293E87 /* PortLogger.swift */; };
		5E6F3B6E3BDA7B6CC3965F96 /* DispatchSheetState.swift in Sources */ = {isa = PBXBuildFile; fileRef = A4322CD8BEEFC8C2FB832438 /* DispatchSheetState.swift */; };
		5FC076D7FA45C7F1829213AA /* GitStatusView.swift in Sources */ = {isa = PBXBuildFile; fileRef = CA5F52D925D26A6D8919A0CB /* GitStatusView.swift */; };
		5FDD7CBBCB910BDC63276AA7 /* WhichKeyState.swift in Sources */ = {isa = PBXBuildFile; fileRef = 70D5765529645C5D860576B7 /* WhichKeyState.swift */; };
		6131983A64CD5FE094D2430E /* AgentContextBar.swift in Sources */ = {isa = PBXBuildFile; fileRef = 0E2EC7DA888E31E55CE0D715 /* AgentContextBar.swift */; };
		61CF67858355FFF4962D9D99 /* ThemeColorsTests.swift in Sources */ = {isa = PBXBuildFile; fileRef = F086ACF8E4F305C9DDAE24FF /* ThemeColorsTests.swift */; };
		63F3CF3A4746901FDF1C3356 /* FrameState.swift in Sources */ = {isa = PBXBuildFile; fileRef = D2D59D9EEB390C8DF351D595 /* FrameState.swift */; };
		6474095F95F4DA480AFE91B7 /* WhichKeyOverlay.swift in Sources */ = {isa = PBXBuildFile; fileRef = CF8ACE680725ECE21E6E03B4 /* WhichKeyOverlay.swift */; };
		64A5A16E02B3E2694060F1A1 /* BitmapRasterizer.swift in Sources */ = {isa = PBXBuildFile; fileRef = 42375D2D8B25AF31BEB11AB5 /* BitmapRasterizer.swift */; };
		654E7E631260BE13502E1C32 /* FloatPopupOverlay.swift in Sources */ = {isa = PBXBuildFile; fileRef = 84C47F406747CA6DD924A1AB /* FloatPopupOverlay.swift */; };
		6560FE3E237307974110AC6C /* VibrancyBackground.swift in Sources */ = {isa = PBXBuildFile; fileRef = 074581CB7F823DBB4563E3A3 /* VibrancyBackground.swift */; };
		6700C63C4B7070D3388A7BD4 /* SlotAllocator.swift in Sources */ = {isa = PBXBuildFile; fileRef = 371C61E78D4BB39467516BA7 /* SlotAllocator.swift */; };
		67BB06B6822104CDE37EDF83 /* BoardTypes.swift in Sources */ = {isa = PBXBuildFile; fileRef = 4C874A0099721763D5109D99 /* BoardTypes.swift */; };
		6860E9D6217B72EAA8AD71A5 /* BreadcrumbBar.swift in Sources */ = {isa = PBXBuildFile; fileRef = CFA9D8D41BCA4E6CB45243A2 /* BreadcrumbBar.swift */; };
		686DD6EB8AFDCAFC79EA100A /* ProtocolTests.swift in Sources */ = {isa = PBXBuildFile; fileRef = F220A60775A252A728477659 /* ProtocolTests.swift */; };
		6BA7D7FBA7A05CDEA428811D /* FileTreeHeaderContent.swift in Sources */ = {isa = PBXBuildFile; fileRef = 59AF3A14213020EF4F2200B4 /* FileTreeHeaderContent.swift */; };
		6F7F50CEC5067770E4865C2A /* CompletionOverlay.swift in Sources */ = {isa = PBXBuildFile; fileRef = DF1919291250D9AD1375A8C9 /* CompletionOverlay.swift */; };
		73955B38CEFC09D29EADAD85 /* FloatPopupOverlay.swift in Sources */ = {isa = PBXBuildFile; fileRef = 84C47F406747CA6DD924A1AB /* FloatPopupOverlay.swift */; };
		74D29226F82E6ADE18E2E108 /* MinibufferState.swift in Sources */ = {isa = PBXBuildFile; fileRef = 02D2D3B0C9A042E9A5C485E1 /* MinibufferState.swift */; };
		7680EFD077E0B916411123FA /* SymbolsNerdFontMono-Regular.ttf in Resources */ = {isa = PBXBuildFile; fileRef = FD66FBCBFC20D50D22A969C8 /* SymbolsNerdFontMono-Regular.ttf */; };
		778C6A917140005C0C0643CB /* ProtocolEncoderBinaryTests.swift in Sources */ = {isa = PBXBuildFile; fileRef = 47BD56B7D6D195D236F9BF40 /* ProtocolEncoderBinaryTests.swift */; };
		783AEDBA1B0D4557E0D1DD81 /* ChangeSummaryView.swift in Sources */ = {isa = PBXBuildFile; fileRef = 2812AE57C17D25D125076FA3 /* ChangeSummaryView.swift */; };
		785A55B784A3EE17DC3E0AC6 /* PickerState.swift in Sources */ = {isa = PBXBuildFile; fileRef = 92C0836F0D4150126F181C05 /* PickerState.swift */; };
		78F06B9BFB553B50D9BDD50F /* FontFace.swift in Sources */ = {isa = PBXBuildFile; fileRef = 4BC98120D82BD7548347875E /* FontFace.swift */; };
		793247C2AB95598A1AC4C6EC /* ScrollAccumulator.swift in Sources */ = {isa = PBXBuildFile; fileRef = BEFD30A2572AE2608F099407 /* ScrollAccumulator.swift */; };
		79E8353F67F7638721A02A54 /* BEAMProcessManager.swift in Sources */ = {isa = PBXBuildFile; fileRef = F0EFEC421284D11AD2177113 /* BEAMProcessManager.swift */; };
		7A21099CFC922D178A3079DF /* EditorView.swift in Sources */ = {isa = PBXBuildFile; fileRef = 0C26E064D810299C0302F439 /* EditorView.swift */; };
		7C9B7CB6670412D9F4DE60BB /* ProtocolEncoder.swift in Sources */ = {isa = PBXBuildFile; fileRef = 7CDC524DEAE5431F6B18A31B /* ProtocolEncoder.swift */; };
		7DB249F526EB508249BE3964 /* ChangeSummaryState.swift in Sources */ = {isa = PBXBuildFile; fileRef = 03E3D96CF06FCC7F116AF4DC /* ChangeSummaryState.swift */; };
		7E2428F971A8835D3B42598B /* GitStatusState.swift in Sources */ = {isa = PBXBuildFile; fileRef = 16B5F67DE84B139C6F8F3C9F /* GitStatusState.swift */; };
		810251CDDA9CB63F881D426C /* ThemeColors.swift in Sources */ = {isa = PBXBuildFile; fileRef = 00D6B3C68CFF37BC4303933A /* ThemeColors.swift */; };
		82E444261F28262834866B20 /* EditorNSView.swift in Sources */ = {isa = PBXBuildFile; fileRef = 83165B89231936674C54B513 /* EditorNSView.swift */; };
		834AE58B6A66336706780324 /* GitStatusState.swift in Sources */ = {isa = PBXBuildFile; fileRef = 16B5F67DE84B139C6F8F3C9F /* GitStatusState.swift */; };
		854BCC1151B43E9A161C95B5 /* IMEComposition.swift in Sources */ = {isa = PBXBuildFile; fileRef = 2912755A61AF5BAF6ED3A480 /* IMEComposition.swift */; };
		87C92A93D274184D1608DAC5 /* BlinkingCursor.swift in Sources */ = {isa = PBXBuildFile; fileRef = 3927622EC3475A69EE524899 /* BlinkingCursor.swift */; };
		888A35D1348A7A3CAE935561 /* DecoderFuzzTests.swift in Sources */ = {isa = PBXBuildFile; fileRef = 053D515EC453DEBFF51FB6CB /* DecoderFuzzTests.swift */; };
		8AB3B55F301192FA4F4A4E41 /* Instrumentation.swift in Sources */ = {isa = PBXBuildFile; fileRef = 53CEDDFB3856C44BA51C8A7B /* Instrumentation.swift */; };
		8B944E100C80DFF282D25D4C /* MingaWindow.swift in Sources */ = {isa = PBXBuildFile; fileRef = 4D02E1034A8BFBDB7E15FCE9 /* MingaWindow.swift */; };
		8CB3E1EEDEA109F6C0183597 /* SignatureHelpState.swift in Sources */ = {isa = PBXBuildFile; fileRef = 3EED42A8B64B9CDFEF37ED9D /* SignatureHelpState.swift */; };
		8D55764B8CF042B4C48AA5D0 /* MessagesContentState.swift in Sources */ = {isa = PBXBuildFile; fileRef = 7A67102D81C9E70546F1019B /* MessagesContentState.swift */; };
		8F6865441CD813045F071273 /* BreadcrumbBar.swift in Sources */ = {isa = PBXBuildFile; fileRef = CFA9D8D41BCA4E6CB45243A2 /* BreadcrumbBar.swift */; };
		92AFB851C9873F6E26F069A3 /* TextHighlighting.swift in Sources */ = {isa = PBXBuildFile; fileRef = BDA1A468192F9DE2BBF374DD /* TextHighlighting.swift */; };
		931A6127210D4ED441AC04B2 /* MessagesContentView.swift in Sources */ = {isa = PBXBuildFile; fileRef = AFE9DFE38318A361BEF0B773 /* MessagesContentView.swift */; };
		939991DD65293C6C796EAA66 /* FontManager.swift in Sources */ = {isa = PBXBuildFile; fileRef = 79F5D551302873BE8F7240ED /* FontManager.swift */; };
		93E7D214A27256CF06571EFE /* ProtocolDecoder.swift in Sources */ = {isa = PBXBuildFile; fileRef = 56750F0AAE58AF9A98BF5841 /* ProtocolDecoder.swift */; };
		941C53DDBC488FE908656CD3 /* BottomPanelState.swift in Sources */ = {isa = PBXBuildFile; fileRef = 638ED9425257ED4E5A2A9C5A /* BottomPanelState.swift */; };
		94DCAF47E7E66035A1073E12 /* DispatchSheetState.swift in Sources */ = {isa = PBXBuildFile; fileRef = A4322CD8BEEFC8C2FB832438 /* DispatchSheetState.swift */; };
		95F6DCD24E2D261CF64EC8EB /* FontFace.swift in Sources */ = {isa = PBXBuildFile; fileRef = 4BC98120D82BD7548347875E /* FontFace.swift */; };
		9758BF46BB0EC7FEEB14FBA3 /* SwiftUIViewTests.swift in Sources */ = {isa = PBXBuildFile; fileRef = 86478D5660213F165B7E1E35 /* SwiftUIViewTests.swift */; };
		A0351D1D024158F048BA1C25 /* WorkspaceIconPicker.swift in Sources */ = {isa = PBXBuildFile; fileRef = 73F9A4109AB33ABF7FB441EE /* WorkspaceIconPicker.swift */; };
		A1AFA4551E04034C5FF5D39B /* ScrollAccumulator.swift in Sources */ = {isa = PBXBuildFile; fileRef = BEFD30A2572AE2608F099407 /* ScrollAccumulator.swift */; };
		A409AE210CBAE48D4DCE47F7 /* ProtocolConstants.swift in Sources */ = {isa = PBXBuildFile; fileRef = C441427A427E23B912F70092 /* ProtocolConstants.swift */; };
		A574FC420DE17918612DFA48 /* TabBarView.swift in Sources */ = {isa = PBXBuildFile; fileRef = 03D7C3564C27A7E14D894539 /* TabBarView.swift */; };
		A613934E53A1D3B8BAEB69FB /* SignatureHelpOverlay.swift in Sources */ = {isa = PBXBuildFile; fileRef = 0070B497768FE68A63F5F114 /* SignatureHelpOverlay.swift */; };
		A6327C6FAB3DCFD57327FBF4 /* DecoderRobustnessTests.swift in Sources */ = {isa = PBXBuildFile; fileRef = 57B35E8311966948B1BA7AEF /* DecoderRobustnessTests.swift */; };
		A78FBA1CD5BB02EEBA8ACB45 /* ProtocolConstants.swift in Sources */ = {isa = PBXBuildFile; fileRef = C441427A427E23B912F70092 /* ProtocolConstants.swift */; };
		AB804A6366BEFE62E30C929B /* WindowContentRenderer.swift in Sources */ = {isa = PBXBuildFile; fileRef = CC335D7973205BF8B7EDD8EA /* WindowContentRenderer.swift */; };
		AFE31388980EE451C8F734A3 /* CachedLineTexture.swift in Sources */ = {isa = PBXBuildFile; fileRef = 0C9F6C86861307AE9524E8F5 /* CachedLineTexture.swift */; };
		B0A5712B943D48F8F72C1DDA /* KeyboardInputTests.swift in Sources */ = {isa = PBXBuildFile; fileRef = 7E4E980D53CCCE228BA59BD5 /* KeyboardInputTests.swift */; };
		B12FA22E8F25CE3E5F55366F /* WindowContentRendererTests.swift in Sources */ = {isa = PBXBuildFile; fileRef = 620F7F967502D4F1F7AE8F03 /* WindowContentRendererTests.swift */; };
		B17D4B05015400A97E490FEF /* ChangeSummaryState.swift in Sources */ = {isa = PBXBuildFile; fileRef = 03E3D96CF06FCC7F116AF4DC /* ChangeSummaryState.swift */; };
		B2063C405BABC6C1D394C3AF /* CompletionState.swift in Sources */ = {isa = PBXBuildFile; fileRef = BEA9C2BB0C840BE88B0FEA52 /* CompletionState.swift */; };
		B52CC06DF924153EAA3BADBE /* SidebarHeaderButton.swift in Sources */ = {isa = PBXBuildFile; fileRef = 1C991989EF4CA9F705DD3F4E /* SidebarHeaderButton.swift */; };
		B6295F0247ADE2D1D0133DCB /* ThemeColors.swift in Sources */ = {isa = PBXBuildFile; fileRef = 00D6B3C68CFF37BC4303933A /* ThemeColors.swift */; };
		B8A6959AD515E3C283B42665 /* BoardState.swift in Sources */ = {isa = PBXBuildFile; fileRef = 2F80894B4E875FD2C66F14CC /* BoardState.swift */; };
		B96A987BD563834EAA59F6A1 /* DispatchSheetView.swift in Sources */ = {isa = PBXBuildFile; fileRef = BF5A488C20326CCE3A7FC46E /* DispatchSheetView.swift */; };
		BBB00DAC44161274B154C350 /* SignatureHelpOverlay.swift in Sources */ = {isa = PBXBuildFile; fileRef = 0070B497768FE68A63F5F114 /* SignatureHelpOverlay.swift */; };
		BF41C04B7AF7C400A4DC1474 /* ProtocolEncoder.swift in Sources */ = {isa = PBXBuildFile; fileRef = 7CDC524DEAE5431F6B18A31B /* ProtocolEncoder.swift */; };
		BF4E98B0BE647893CB5DA85C /* PipelineCache.swift in Sources */ = {isa = PBXBuildFile; fileRef = 3EE75BA15B74A84B77B5B911 /* PipelineCache.swift */; };
		BFF766FB4240D9E306D3557E /* MingaApp.swift in Sources */ = {isa = PBXBuildFile; fileRef = 4A647814918768E62822D4A1 /* MingaApp.swift */; };
		C00E62ED31BA198B0EC92EAF /* CompletionOverlay.swift in Sources */ = {isa = PBXBuildFile; fileRef = DF1919291250D9AD1375A8C9 /* CompletionOverlay.swift */; };
		C07AF84A6E689758D100A251 /* InlineEditField.swift in Sources */ = {isa = PBXBuildFile; fileRef = 1AC5F0D37085813890268537 /* InlineEditField.swift */; };
		C134E5115725A3A85492FF51 /* TabBarState.swift in Sources */ = {isa = PBXBuildFile; fileRef = 0A7AA0437B5C38BA8A8A80D5 /* TabBarState.swift */; };
		C3E6CE94BD471AC7BA0FB4BB /* DispatchSheetView.swift in Sources */ = {isa = PBXBuildFile; fileRef = BF5A488C20326CCE3A7FC46E /* DispatchSheetView.swift */; };
		C44D9CF03C49E7BCA39A76A9 /* CommandDispatcher.swift in Sources */ = {isa = PBXBuildFile; fileRef = C21AB9021A9BCB034C13109A /* CommandDispatcher.swift */; };
		C607CC562920162A87010EA9 /* CompletionState.swift in Sources */ = {isa = PBXBuildFile; fileRef = BEA9C2BB0C840BE88B0FEA52 /* CompletionState.swift */; };
		C61B2087D8184481CD9072B7 /* HoverPopupOverlay.swift in Sources */ = {isa = PBXBuildFile; fileRef = CBE5B840DF73BAC1A97CB7E6 /* HoverPopupOverlay.swift */; };
		C715D937E8591D8BA46A29CD /* FontTests.swift in Sources */ = {isa = PBXBuildFile; fileRef = BD2DE335B00721CBB29329F9 /* FontTests.swift */; };
		C778E929DAE153901EAB9F71 /* BoardView.swift in Sources */ = {isa = PBXBuildFile; fileRef = CC4D2EC281455699168DA872 /* BoardView.swift */; };
		C8FAD7BE37506758A1DBF8F6 /* FileTreeState.swift in Sources */ = {isa = PBXBuildFile; fileRef = CC2F98D07FE0F56DDBCD9525 /* FileTreeState.swift */; };
		CA45D5770C1B334A821D3338 /* GitStatusHeaderContent.swift in Sources */ = {isa = PBXBuildFile; fileRef = D13F0F0C4944C98854B726C0 /* GitStatusHeaderContent.swift */; };
		CC72FE91F267AA744D4A6F1D /* GitStatusHeaderContent.swift in Sources */ = {isa = PBXBuildFile; fileRef = D13F0F0C4944C98854B726C0 /* GitStatusHeaderContent.swift */; };
		CD2952CCEB2FD594B269A75D /* GUIActionEncoderTests.swift in Sources */ = {isa = PBXBuildFile; fileRef = E2C629D58FF3305F579BA5E2 /* GUIActionEncoderTests.swift */; };
		CE2F1915565DB90F4A7FC04C /* SlotAllocator.swift in Sources */ = {isa = PBXBuildFile; fileRef = 371C61E78D4BB39467516BA7 /* SlotAllocator.swift */; };
		CF09E23141DB0E6D9B65826A /* WhichKeyState.swift in Sources */ = {isa = PBXBuildFile; fileRef = 70D5765529645C5D860576B7 /* WhichKeyState.swift */; };
		D1EEFBDAE315F717373F82BD /* EditorNSView.swift in Sources */ = {isa = PBXBuildFile; fileRef = 83165B89231936674C54B513 /* EditorNSView.swift */; };
		D21259951FF33B28994B2E44 /* MingaWindow.swift in Sources */ = {isa = PBXBuildFile; fileRef = 4D02E1034A8BFBDB7E15FCE9 /* MingaWindow.swift */; };
		D42695D627BD38405475ECFF /* ScrollAccumulatorTests.swift in Sources */ = {isa = PBXBuildFile; fileRef = 211424F30BBE8A57852D5630 /* ScrollAccumulatorTests.swift */; };
		D946EB891A72053F283BF971 /* GitStatusView.swift in Sources */ = {isa = PBXBuildFile; fileRef = CA5F52D925D26A6D8919A0CB /* GitStatusView.swift */; };
		DB83E9F1763A0D2E7BD7F7D3 /* ViewInspector in Frameworks */ = {isa = PBXBuildFile; productRef = BD2531C0969FD21CC18D2FDB /* ViewInspector */; };
		DD0B958D8ACEFFEF3C1A50AE /* ViewModelComputedTests.swift in Sources */ = {isa = PBXBuildFile; fileRef = 22420E1CC772DAFB9A5043C2 /* ViewModelComputedTests.swift */; };
		DE6C77896ED3E1E885216DC3 /* AgentChatState.swift in Sources */ = {isa = PBXBuildFile; fileRef = E244758FFE2BDDE3A8108C70 /* AgentChatState.swift */; };
		DF3B2A645C089F616B9DBD1B /* ProtocolEncoderDisconnectTests.swift in Sources */ = {isa = PBXBuildFile; fileRef = 19D226D16EF96375868F716D /* ProtocolEncoderDisconnectTests.swift */; };
		E04EB44BCBE0CEB501618F1A /* FileTreeHeaderContent.swift in Sources */ = {isa = PBXBuildFile; fileRef = 59AF3A14213020EF4F2200B4 /* FileTreeHeaderContent.swift */; };
		E073657EE87B3F145830B7C7 /* FileTreeState.swift in Sources */ = {isa = PBXBuildFile; fileRef = CC2F98D07FE0F56DDBCD9525 /* FileTreeState.swift */; };
		E2BC69E1121328310B830E45 /* CachedLineTexture.swift in Sources */ = {isa = PBXBuildFile; fileRef = 0C9F6C86861307AE9524E8F5 /* CachedLineTexture.swift */; };
		E480C69FBC5BB4A7B8474928 /* IMEComposition.swift in Sources */ = {isa = PBXBuildFile; fileRef = 2912755A61AF5BAF6ED3A480 /* IMEComposition.swift */; };
		E48B681F8D87180834B92C57 /* InlineEditField.swift in Sources */ = {isa = PBXBuildFile; fileRef = 1AC5F0D37085813890268537 /* InlineEditField.swift */; };
		E4A2887CDB5EDB64080E5096 /* FrameState.swift in Sources */ = {isa = PBXBuildFile; fileRef = D2D59D9EEB390C8DF351D595 /* FrameState.swift */; };
		E4B419899BF1AFB3E24B04C2 /* HoverPopupState.swift in Sources */ = {isa = PBXBuildFile; fileRef = B66E4E27BE182768B01E5F64 /* HoverPopupState.swift */; };
		E531C3FF51386D03BCE33EC7 /* FloatPopupState.swift in Sources */ = {isa = PBXBuildFile; fileRef = 23EF5FFAD8310BD41CF784AC /* FloatPopupState.swift */; };
		E5CE1B3EBAABD914418D892F /* EditorView.swift in Sources */ = {isa = PBXBuildFile; fileRef = 0C26E064D810299C0302F439 /* EditorView.swift */; };
		E6B945D114487F6BD18ADD31 /* FontManager.swift in Sources */ = {isa = PBXBuildFile; fileRef = 79F5D551302873BE8F7240ED /* FontManager.swift */; };
		EACCC33CD56D244D5A8B30B3 /* FloatPopupState.swift in Sources */ = {isa = PBXBuildFile; fileRef = 23EF5FFAD8310BD41CF784AC /* FloatPopupState.swift */; };
		ECE870F634AC4B097DA300AC /* PortLogger.swift in Sources */ = {isa = PBXBuildFile; fileRef = 3E23DC6E0ACB156F21293E87 /* PortLogger.swift */; };
		ED8D3D1F950A66E95AA3093F /* SidebarContainer.swift in Sources */ = {isa = PBXBuildFile; fileRef = 452AAEF9518FDDF1FF8F51B0 /* SidebarContainer.swift */; };
		EE84DA1BF4952359DD0DC343 /* LineTextureAtlas.swift in Sources */ = {isa = PBXBuildFile; fileRef = 4742DDE225F256A140177301 /* LineTextureAtlas.swift */; };
		F0A2BCCA095F1CA4FBE9BE3F /* ProtocolSchemaTests.swift in Sources */ = {isa = PBXBuildFile; fileRef = 3DC281B7F9F7E4C0BA793B1E /* ProtocolSchemaTests.swift */; };
		F16FDEC1BFC1776B1109622E /* TabBarView.swift in Sources */ = {isa = PBXBuildFile; fileRef = 03D7C3564C27A7E14D894539 /* TabBarView.swift */; };
		F3BB64E36F257BD7FACEA5D6 /* CoreTextShaders.metal in Sources */ = {isa = PBXBuildFile; fileRef = 48E21C30D142028698027567 /* CoreTextShaders.metal */; };
		F560D385A1FB0A46824F7B1F /* PickerOverlay.swift in Sources */ = {isa = PBXBuildFile; fileRef = 52F606681DE9AA9D502A42AA /* PickerOverlay.swift */; };
		F5DA741E5CBCF22184C6C712 /* ProtocolTypes.swift in Sources */ = {isa = PBXBuildFile; fileRef = 08DE9CEF5C3D599B42635554 /* ProtocolTypes.swift */; };
		F6F56719C285CB9C3EA62A57 /* Assets.xcassets in Resources */ = {isa = PBXBuildFile; fileRef = F5647A59C841B3C408994CC7 /* Assets.xcassets */; };
		FA582944CD6B90BCABC13FCE /* ProtocolReader.swift in Sources */ = {isa = PBXBuildFile; fileRef = 4AF6BEBA233BA1169CF8C642 /* ProtocolReader.swift */; };
		FA9C31900696A16D89169788 /* PickerOverlay.swift in Sources */ = {isa = PBXBuildFile; fileRef = 52F606681DE9AA9D502A42AA /* PickerOverlay.swift */; };
		FEA7FDF0B8C5551790872FCA /* WindowContentTests.swift in Sources */ = {isa = PBXBuildFile; fileRef = FD7FC26DB745A436D50E3AA6 /* WindowContentTests.swift */; };
		FEFCEFCDC21C5AA5456036D0 /* SystemColorTests.swift in Sources */ = {isa = PBXBuildFile; fileRef = 56B00002D020FED57D265C74 /* SystemColorTests.swift */; };
		FFA8B5D73FABC2792F4A3589 /* ProtocolDecoder.swift in Sources */ = {isa = PBXBuildFile; fileRef = 56750F0AAE58AF9A98BF5841 /* ProtocolDecoder.swift */; };
/* End PBXBuildFile section */

/* Begin PBXFileReference section */
		0070B497768FE68A63F5F114 /* SignatureHelpOverlay.swift */ = {isa = PBXFileReference; lastKnownFileType = sourcecode.swift; path = SignatureHelpOverlay.swift; sourceTree = "<group>"; };
		00D6B3C68CFF37BC4303933A /* ThemeColors.swift */ = {isa = PBXFileReference; lastKnownFileType = sourcecode.swift; path = ThemeColors.swift; sourceTree = "<group>"; };
		02D2D3B0C9A042E9A5C485E1 /* MinibufferState.swift */ = {isa = PBXFileReference; lastKnownFileType = sourcecode.swift; path = MinibufferState.swift; sourceTree = "<group>"; };
		03D7C3564C27A7E14D894539 /* TabBarView.swift */ = {isa = PBXFileReference; lastKnownFileType = sourcecode.swift; path = TabBarView.swift; sourceTree = "<group>"; };
		03E3D96CF06FCC7F116AF4DC /* ChangeSummaryState.swift */ = {isa = PBXFileReference; lastKnownFileType = sourcecode.swift; path = ChangeSummaryState.swift; sourceTree = "<group>"; };
		053D515EC453DEBFF51FB6CB /* DecoderFuzzTests.swift */ = {isa = PBXFileReference; lastKnownFileType = sourcecode.swift; path = DecoderFuzzTests.swift; sourceTree = "<group>"; };
		05DDF3EED1B486C4639A06FF /* MinibufferView.swift */ = {isa = PBXFileReference; lastKnownFileType = sourcecode.swift; path = MinibufferView.swift; sourceTree = "<group>"; };
		074581CB7F823DBB4563E3A3 /* VibrancyBackground.swift */ = {isa = PBXFileReference; lastKnownFileType = sourcecode.swift; path = VibrancyBackground.swift; sourceTree = "<group>"; };
		08DE9CEF5C3D599B42635554 /* ProtocolTypes.swift */ = {isa = PBXFileReference; lastKnownFileType = sourcecode.swift; path = ProtocolTypes.swift; sourceTree = "<group>"; };
		0A7AA0437B5C38BA8A8A80D5 /* TabBarState.swift */ = {isa = PBXFileReference; lastKnownFileType = sourcecode.swift; path = TabBarState.swift; sourceTree = "<group>"; };
		0C26E064D810299C0302F439 /* EditorView.swift */ = {isa = PBXFileReference; lastKnownFileType = sourcecode.swift; path = EditorView.swift; sourceTree = "<group>"; };
		0C9F6C86861307AE9524E8F5 /* CachedLineTexture.swift */ = {isa = PBXFileReference; lastKnownFileType = sourcecode.swift; path = CachedLineTexture.swift; sourceTree = "<group>"; };
		0E2EC7DA888E31E55CE0D715 /* AgentContextBar.swift */ = {isa = PBXFileReference; lastKnownFileType = sourcecode.swift; path = AgentContextBar.swift; sourceTree = "<group>"; };
		16B5F67DE84B139C6F8F3C9F /* GitStatusState.swift */ = {isa = PBXFileReference; lastKnownFileType = sourcecode.swift; path = GitStatusState.swift; sourceTree = "<group>"; };
		19D226D16EF96375868F716D /* ProtocolEncoderDisconnectTests.swift */ = {isa = PBXFileReference; lastKnownFileType = sourcecode.swift; path = ProtocolEncoderDisconnectTests.swift; sourceTree = "<group>"; };
		1AC5F0D37085813890268537 /* InlineEditField.swift */ = {isa = PBXFileReference; lastKnownFileType = sourcecode.swift; path = InlineEditField.swift; sourceTree = "<group>"; };
		1BD0DFA1F5211213E7AD6FA7 /* SidebarViewTests.swift */ = {isa = PBXFileReference; lastKnownFileType = sourcecode.swift; path = SidebarViewTests.swift; sourceTree = "<group>"; };
		1C991989EF4CA9F705DD3F4E /* SidebarHeaderButton.swift */ = {isa = PBXFileReference; lastKnownFileType = sourcecode.swift; path = SidebarHeaderButton.swift; sourceTree = "<group>"; };
		211424F30BBE8A57852D5630 /* ScrollAccumulatorTests.swift */ = {isa = PBXFileReference; lastKnownFileType = sourcecode.swift; path = ScrollAccumulatorTests.swift; sourceTree = "<group>"; };
		22420E1CC772DAFB9A5043C2 /* ViewModelComputedTests.swift */ = {isa = PBXFileReference; lastKnownFileType = sourcecode.swift; path = ViewModelComputedTests.swift; sourceTree = "<group>"; };
		23EF5FFAD8310BD41CF784AC /* FloatPopupState.swift */ = {isa = PBXFileReference; lastKnownFileType = sourcecode.swift; path = FloatPopupState.swift; sourceTree = "<group>"; };
		2812AE57C17D25D125076FA3 /* ChangeSummaryView.swift */ = {isa = PBXFileReference; lastKnownFileType = sourcecode.swift; path = ChangeSummaryView.swift; sourceTree = "<group>"; };
		2912755A61AF5BAF6ED3A480 /* IMEComposition.swift */ = {isa = PBXFileReference; lastKnownFileType = sourcecode.swift; path = IMEComposition.swift; sourceTree = "<group>"; };
		2F80894B4E875FD2C66F14CC /* BoardState.swift */ = {isa = PBXFileReference; lastKnownFileType = sourcecode.swift; path = BoardState.swift; sourceTree = "<group>"; };
		321E4E28F5F49F089CCE2E1D /* PipelineCacheTests.swift */ = {isa = PBXFileReference; lastKnownFileType = sourcecode.swift; path = PipelineCacheTests.swift; sourceTree = "<group>"; };
		371C61E78D4BB39467516BA7 /* SlotAllocator.swift */ = {isa = PBXFileReference; lastKnownFileType = sourcecode.swift; path = SlotAllocator.swift; sourceTree = "<group>"; };
		3927622EC3475A69EE524899 /* BlinkingCursor.swift */ = {isa = PBXFileReference; lastKnownFileType = sourcecode.swift; path = BlinkingCursor.swift; sourceTree = "<group>"; };
		3DC281B7F9F7E4C0BA793B1E /* ProtocolSchemaTests.swift */ = {isa = PBXFileReference; lastKnownFileType = sourcecode.swift; path = ProtocolSchemaTests.swift; sourceTree = "<group>"; };
		3E23DC6E0ACB156F21293E87 /* PortLogger.swift */ = {isa = PBXFileReference; lastKnownFileType = sourcecode.swift; path = PortLogger.swift; sourceTree = "<group>"; };
		3EE75BA15B74A84B77B5B911 /* PipelineCache.swift */ = {isa = PBXFileReference; lastKnownFileType = sourcecode.swift; path = PipelineCache.swift; sourceTree = "<group>"; };
		3EED42A8B64B9CDFEF37ED9D /* SignatureHelpState.swift */ = {isa = PBXFileReference; lastKnownFileType = sourcecode.swift; path = SignatureHelpState.swift; sourceTree = "<group>"; };
		42375D2D8B25AF31BEB11AB5 /* BitmapRasterizer.swift */ = {isa = PBXFileReference; lastKnownFileType = sourcecode.swift; path = BitmapRasterizer.swift; sourceTree = "<group>"; };
		443B3C2F0C91435E5C5A2E73 /* BottomPanelView.swift */ = {isa = PBXFileReference; lastKnownFileType = sourcecode.swift; path = BottomPanelView.swift; sourceTree = "<group>"; };
		452AAEF9518FDDF1FF8F51B0 /* SidebarContainer.swift */ = {isa = PBXFileReference; lastKnownFileType = sourcecode.swift; path = SidebarContainer.swift; sourceTree = "<group>"; };
		45FDD575702B556527C10119 /* minga */ = {isa = PBXFileReference; path = minga; sourceTree = "<group>"; };
		470991E7B3850B1AADFD46FD /* CommandDispatcherTests.swift */ = {isa = PBXFileReference; lastKnownFileType = sourcecode.swift; path = CommandDispatcherTests.swift; sourceTree = "<group>"; };
		4742DDE225F256A140177301 /* LineTextureAtlas.swift */ = {isa = PBXFileReference; lastKnownFileType = sourcecode.swift; path = LineTextureAtlas.swift; sourceTree = "<group>"; };
		47BD56B7D6D195D236F9BF40 /* ProtocolEncoderBinaryTests.swift */ = {isa = PBXFileReference; lastKnownFileType = sourcecode.swift; path = ProtocolEncoderBinaryTests.swift; sourceTree = "<group>"; };
		48E21C30D142028698027567 /* CoreTextShaders.metal */ = {isa = PBXFileReference; lastKnownFileType = sourcecode.metal; path = CoreTextShaders.metal; sourceTree = "<group>"; };
		4A647814918768E62822D4A1 /* MingaApp.swift */ = {isa = PBXFileReference; lastKnownFileType = sourcecode.swift; path = MingaApp.swift; sourceTree = "<group>"; };
		4AF6BEBA233BA1169CF8C642 /* ProtocolReader.swift */ = {isa = PBXFileReference; lastKnownFileType = sourcecode.swift; path = ProtocolReader.swift; sourceTree = "<group>"; };
		4BC98120D82BD7548347875E /* FontFace.swift */ = {isa = PBXFileReference; lastKnownFileType = sourcecode.swift; path = FontFace.swift; sourceTree = "<group>"; };
		4C874A0099721763D5109D99 /* BoardTypes.swift */ = {isa = PBXFileReference; lastKnownFileType = sourcecode.swift; path = BoardTypes.swift; sourceTree = "<group>"; };
		4D02E1034A8BFBDB7E15FCE9 /* MingaWindow.swift */ = {isa = PBXFileReference; lastKnownFileType = sourcecode.swift; path = MingaWindow.swift; sourceTree = "<group>"; };
		52F606681DE9AA9D502A42AA /* PickerOverlay.swift */ = {isa = PBXFileReference; lastKnownFileType = sourcecode.swift; path = PickerOverlay.swift; sourceTree = "<group>"; };
		53CEDDFB3856C44BA51C8A7B /* Instrumentation.swift */ = {isa = PBXFileReference; lastKnownFileType = sourcecode.swift; path = Instrumentation.swift; sourceTree = "<group>"; };
		5458552EC58E44C7CD15A98A /* FileTreeView.swift */ = {isa = PBXFileReference; lastKnownFileType = sourcecode.swift; path = FileTreeView.swift; sourceTree = "<group>"; };
		5634B25BE5BB945A83E30FAD /* StateLifecycleTests.swift */ = {isa = PBXFileReference; lastKnownFileType = sourcecode.swift; path = StateLifecycleTests.swift; sourceTree = "<group>"; };
		56750F0AAE58AF9A98BF5841 /* ProtocolDecoder.swift */ = {isa = PBXFileReference; lastKnownFileType = sourcecode.swift; path = ProtocolDecoder.swift; sourceTree = "<group>"; };
		56B00002D020FED57D265C74 /* SystemColorTests.swift */ = {isa = PBXFileReference; lastKnownFileType = sourcecode.swift; path = SystemColorTests.swift; sourceTree = "<group>"; };
		57B35E8311966948B1BA7AEF /* DecoderRobustnessTests.swift */ = {isa = PBXFileReference; lastKnownFileType = sourcecode.swift; path = DecoderRobustnessTests.swift; sourceTree = "<group>"; };
		59AF3A14213020EF4F2200B4 /* FileTreeHeaderContent.swift */ = {isa = PBXFileReference; lastKnownFileType = sourcecode.swift; path = FileTreeHeaderContent.swift; sourceTree = "<group>"; };
		5DDE4A535E0895090BF02EE8 /* CoreTextMetalRenderer.swift */ = {isa = PBXFileReference; lastKnownFileType = sourcecode.swift; path = CoreTextMetalRenderer.swift; sourceTree = "<group>"; };
		620F7F967502D4F1F7AE8F03 /* WindowContentRendererTests.swift */ = {isa = PBXFileReference; lastKnownFileType = sourcecode.swift; path = WindowContentRendererTests.swift; sourceTree = "<group>"; };
		638ED9425257ED4E5A2A9C5A /* BottomPanelState.swift */ = {isa = PBXFileReference; lastKnownFileType = sourcecode.swift; path = BottomPanelState.swift; sourceTree = "<group>"; };
		64CEFB02A774E5E8EF19029F /* MingaTests.xctest */ = {isa = PBXFileReference; explicitFileType = wrapper.cfbundle; includeInIndex = 0; path = MingaTests.xctest; sourceTree = BUILT_PRODUCTS_DIR; };
		65D15FC229A7AAA6AD493D1F /* AgentContextBarState.swift */ = {isa = PBXFileReference; lastKnownFileType = sourcecode.swift; path = AgentContextBarState.swift; sourceTree = "<group>"; };
		70D5765529645C5D860576B7 /* WhichKeyState.swift */ = {isa = PBXFileReference; lastKnownFileType = sourcecode.swift; path = WhichKeyState.swift; sourceTree = "<group>"; };
		73F9A4109AB33ABF7FB441EE /* WorkspaceIconPicker.swift */ = {isa = PBXFileReference; lastKnownFileType = sourcecode.swift; path = WorkspaceIconPicker.swift; sourceTree = "<group>"; };
		754C68BAFE0C4DB553BFD06A /* GUIChromeDecoderTests.swift */ = {isa = PBXFileReference; lastKnownFileType = sourcecode.swift; path = GUIChromeDecoderTests.swift; sourceTree = "<group>"; };
		790F7E20F30FEEFC552B3685 /* WindowContent.swift */ = {isa = PBXFileReference; lastKnownFileType = sourcecode.swift; path = WindowContent.swift; sourceTree = "<group>"; };
		79F5D551302873BE8F7240ED /* FontManager.swift */ = {isa = PBXFileReference; lastKnownFileType = sourcecode.swift; path = FontManager.swift; sourceTree = "<group>"; };
		7A67102D81C9E70546F1019B /* MessagesContentState.swift */ = {isa = PBXFileReference; lastKnownFileType = sourcecode.swift; path = MessagesContentState.swift; sourceTree = "<group>"; };
		7CDC524DEAE5431F6B18A31B /* ProtocolEncoder.swift */ = {isa = PBXFileReference; lastKnownFileType = sourcecode.swift; path = ProtocolEncoder.swift; sourceTree = "<group>"; };
		7E4E980D53CCCE228BA59BD5 /* KeyboardInputTests.swift */ = {isa = PBXFileReference; lastKnownFileType = sourcecode.swift; path = KeyboardInputTests.swift; sourceTree = "<group>"; };
		83165B89231936674C54B513 /* EditorNSView.swift */ = {isa = PBXFileReference; lastKnownFileType = sourcecode.swift; path = EditorNSView.swift; sourceTree = "<group>"; };
		84C47F406747CA6DD924A1AB /* FloatPopupOverlay.swift */ = {isa = PBXFileReference; lastKnownFileType = sourcecode.swift; path = FloatPopupOverlay.swift; sourceTree = "<group>"; };
		86478D5660213F165B7E1E35 /* SwiftUIViewTests.swift */ = {isa = PBXFileReference; lastKnownFileType = sourcecode.swift; path = SwiftUIViewTests.swift; sourceTree = "<group>"; };
		92C0836F0D4150126F181C05 /* PickerState.swift */ = {isa = PBXFileReference; lastKnownFileType = sourcecode.swift; path = PickerState.swift; sourceTree = "<group>"; };
		9958CDCF40B9580E12AD1A81 /* SparklineView.swift */ = {isa = PBXFileReference; lastKnownFileType = sourcecode.swift; path = SparklineView.swift; sourceTree = "<group>"; };
		9F8372175FF223C9260B00C4 /* SlotAllocatorTests.swift */ = {isa = PBXFileReference; lastKnownFileType = sourcecode.swift; path = SlotAllocatorTests.swift; sourceTree = "<group>"; };
		A4322CD8BEEFC8C2FB832438 /* DispatchSheetState.swift */ = {isa = PBXFileReference; lastKnownFileType = sourcecode.swift; path = DispatchSheetState.swift; sourceTree = "<group>"; };
		A64B96EAA100E627F4E8E0A1 /* ToolManagerState.swift */ = {isa = PBXFileReference; lastKnownFileType = sourcecode.swift; path = ToolManagerState.swift; sourceTree = "<group>"; };
		AA65B90C0347C6496C7FA986 /* MouseInputTests.swift */ = {isa = PBXFileReference; lastKnownFileType = sourcecode.swift; path = MouseInputTests.swift; sourceTree = "<group>"; };
		AFE9DFE38318A361BEF0B773 /* MessagesContentView.swift */ = {isa = PBXFileReference; lastKnownFileType = sourcecode.swift; path = MessagesContentView.swift; sourceTree = "<group>"; };
		B66E4E27BE182768B01E5F64 /* HoverPopupState.swift */ = {isa = PBXFileReference; lastKnownFileType = sourcecode.swift; path = HoverPopupState.swift; sourceTree = "<group>"; };
		B9B4DF5FEB6C8DFCA427A692 /* Minga.app */ = {isa = PBXFileReference; explicitFileType = wrapper.application; includeInIndex = 0; path = Minga.app; sourceTree = BUILT_PRODUCTS_DIR; };
		BD2DE335B00721CBB29329F9 /* FontTests.swift */ = {isa = PBXFileReference; lastKnownFileType = sourcecode.swift; path = FontTests.swift; sourceTree = "<group>"; };
		BDA1A468192F9DE2BBF374DD /* TextHighlighting.swift */ = {isa = PBXFileReference; lastKnownFileType = sourcecode.swift; path = TextHighlighting.swift; sourceTree = "<group>"; };
		BEA9C2BB0C840BE88B0FEA52 /* CompletionState.swift */ = {isa = PBXFileReference; lastKnownFileType = sourcecode.swift; path = CompletionState.swift; sourceTree = "<group>"; };
		BEFD30A2572AE2608F099407 /* ScrollAccumulator.swift */ = {isa = PBXFileReference; lastKnownFileType = sourcecode.swift; path = ScrollAccumulator.swift; sourceTree = "<group>"; };
		BF5A488C20326CCE3A7FC46E /* DispatchSheetView.swift */ = {isa = PBXFileReference; lastKnownFileType = sourcecode.swift; path = DispatchSheetView.swift; sourceTree = "<group>"; };
		C21AB9021A9BCB034C13109A /* CommandDispatcher.swift */ = {isa = PBXFileReference; lastKnownFileType = sourcecode.swift; path = CommandDispatcher.swift; sourceTree = "<group>"; };
		C2AC58C2F81C6E5B2C7004B3 /* GUIState.swift */ = {isa = PBXFileReference; lastKnownFileType = sourcecode.swift; path = GUIState.swift; sourceTree = "<group>"; };
		C441427A427E23B912F70092 /* ProtocolConstants.swift */ = {isa = PBXFileReference; lastKnownFileType = sourcecode.swift; path = ProtocolConstants.swift; sourceTree = "<group>"; };
		CA5F52D925D26A6D8919A0CB /* GitStatusView.swift */ = {isa = PBXFileReference; lastKnownFileType = sourcecode.swift; path = GitStatusView.swift; sourceTree = "<group>"; };
		CBE5B840DF73BAC1A97CB7E6 /* HoverPopupOverlay.swift */ = {isa = PBXFileReference; lastKnownFileType = sourcecode.swift; path = HoverPopupOverlay.swift; sourceTree = "<group>"; };
		CC2F98D07FE0F56DDBCD9525 /* FileTreeState.swift */ = {isa = PBXFileReference; lastKnownFileType = sourcecode.swift; path = FileTreeState.swift; sourceTree = "<group>"; };
		CC335D7973205BF8B7EDD8EA /* WindowContentRenderer.swift */ = {isa = PBXFileReference; lastKnownFileType = sourcecode.swift; path = WindowContentRenderer.swift; sourceTree = "<group>"; };
		CC4D2EC281455699168DA872 /* BoardView.swift */ = {isa = PBXFileReference; lastKnownFileType = sourcecode.swift; path = BoardView.swift; sourceTree = "<group>"; };
		CF8ACE680725ECE21E6E03B4 /* WhichKeyOverlay.swift */ = {isa = PBXFileReference; lastKnownFileType = sourcecode.swift; path = WhichKeyOverlay.swift; sourceTree = "<group>"; };
		CFA9D8D41BCA4E6CB45243A2 /* BreadcrumbBar.swift */ = {isa = PBXFileReference; lastKnownFileType = sourcecode.swift; path = BreadcrumbBar.swift; sourceTree = "<group>"; };
		D13F0F0C4944C98854B726C0 /* GitStatusHeaderContent.swift */ = {isa = PBXFileReference; lastKnownFileType = sourcecode.swift; path = GitStatusHeaderContent.swift; sourceTree = "<group>"; };
		D2D59D9EEB390C8DF351D595 /* FrameState.swift */ = {isa = PBXFileReference; lastKnownFileType = sourcecode.swift; path = FrameState.swift; sourceTree = "<group>"; };
		DD14027C8C7BD17057DE820B /* AgentChatView.swift */ = {isa = PBXFileReference; lastKnownFileType = sourcecode.swift; path = AgentChatView.swift; sourceTree = "<group>"; };
		DF1919291250D9AD1375A8C9 /* CompletionOverlay.swift */ = {isa = PBXFileReference; lastKnownFileType = sourcecode.swift; path = CompletionOverlay.swift; sourceTree = "<group>"; };
		E244758FFE2BDDE3A8108C70 /* AgentChatState.swift */ = {isa = PBXFileReference; lastKnownFileType = sourcecode.swift; path = AgentChatState.swift; sourceTree = "<group>"; };
		E2C629D58FF3305F579BA5E2 /* GUIActionEncoderTests.swift */ = {isa = PBXFileReference; lastKnownFileType = sourcecode.swift; path = GUIActionEncoderTests.swift; sourceTree = "<group>"; };
		E892F827AFBE959F9DF25C05 /* StatusBarView.swift */ = {isa = PBXFileReference; lastKnownFileType = sourcecode.swift; path = StatusBarView.swift; sourceTree = "<group>"; };
		ED47BC6334A067AE04FEE032 /* ToolManagerView.swift */ = {isa = PBXFileReference; lastKnownFileType = sourcecode.swift; path = ToolManagerView.swift; sourceTree = "<group>"; };
		F086ACF8E4F305C9DDAE24FF /* ThemeColorsTests.swift */ = {isa = PBXFileReference; lastKnownFileType = sourcecode.swift; path = ThemeColorsTests.swift; sourceTree = "<group>"; };
		F0EFEC421284D11AD2177113 /* BEAMProcessManager.swift */ = {isa = PBXFileReference; lastKnownFileType = sourcecode.swift; path = BEAMProcessManager.swift; sourceTree = "<group>"; };
		F220A60775A252A728477659 /* ProtocolTests.swift */ = {isa = PBXFileReference; lastKnownFileType = sourcecode.swift; path = ProtocolTests.swift; sourceTree = "<group>"; };
		F5647A59C841B3C408994CC7 /* Assets.xcassets */ = {isa = PBXFileReference; lastKnownFileType = folder.assetcatalog; path = Assets.xcassets; sourceTree = "<group>"; };
		F6C3196976BC934B3112EF96 /* IMECompositionTests.swift */ = {isa = PBXFileReference; lastKnownFileType = sourcecode.swift; path = IMECompositionTests.swift; sourceTree = "<group>"; };
		FD66FBCBFC20D50D22A969C8 /* SymbolsNerdFontMono-Regular.ttf */ = {isa = PBXFileReference; lastKnownFileType = file; path = "SymbolsNerdFontMono-Regular.ttf"; sourceTree = "<group>"; };
		FD7FC26DB745A436D50E3AA6 /* WindowContentTests.swift */ = {isa = PBXFileReference; lastKnownFileType = sourcecode.swift; path = WindowContentTests.swift; sourceTree = "<group>"; };
/* End PBXFileReference section */

/* Begin PBXFrameworksBuildPhase section */
		055B5DD060ABF986C99376D6 /* Frameworks */ = {
			isa = PBXFrameworksBuildPhase;
			buildActionMask = 2147483647;
			files = (
				DB83E9F1763A0D2E7BD7F7D3 /* ViewInspector in Frameworks */,
			);
			runOnlyForDeploymentPostprocessing = 0;
		};
/* End PBXFrameworksBuildPhase section */

/* Begin PBXGroup section */
		11BD8FE058FA53674B42329F /* Renderer */ = {
			isa = PBXGroup;
			children = (
				42375D2D8B25AF31BEB11AB5 /* BitmapRasterizer.swift */,
				0C9F6C86861307AE9524E8F5 /* CachedLineTexture.swift */,
				C21AB9021A9BCB034C13109A /* CommandDispatcher.swift */,
				5DDE4A535E0895090BF02EE8 /* CoreTextMetalRenderer.swift */,
				48E21C30D142028698027567 /* CoreTextShaders.metal */,
				D2D59D9EEB390C8DF351D595 /* FrameState.swift */,
				4742DDE225F256A140177301 /* LineTextureAtlas.swift */,
				3EE75BA15B74A84B77B5B911 /* PipelineCache.swift */,
				371C61E78D4BB39467516BA7 /* SlotAllocator.swift */,
				790F7E20F30FEEFC552B3685 /* WindowContent.swift */,
				CC335D7973205BF8B7EDD8EA /* WindowContentRenderer.swift */,
			);
			path = Renderer;
			sourceTree = "<group>";
		};
		13651B343AC3A6E146620074 /* Fonts */ = {
			isa = PBXGroup;
			children = (
				FD66FBCBFC20D50D22A969C8 /* SymbolsNerdFontMono-Regular.ttf */,
			);
			path = Fonts;
			sourceTree = "<group>";
		};
		206B34B6897C65A6D1C21BFE /* bin */ = {
			isa = PBXGroup;
			children = (
				45FDD575702B556527C10119 /* minga */,
			);
			path = bin;
			sourceTree = "<group>";
		};
		4AACF7C989E8FDB12B3EC840 /* Font */ = {
			isa = PBXGroup;
			children = (
				4BC98120D82BD7548347875E /* FontFace.swift */,
				79F5D551302873BE8F7240ED /* FontManager.swift */,
			);
			path = Font;
			sourceTree = "<group>";
		};
		616EA584E8B34ECF2CD77B29 /* Tests */ = {
			isa = PBXGroup;
			children = (
				EF010AC81BF7F66D126A242B /* MingaTests */,
			);
			path = Tests;
			sourceTree = "<group>";
		};
		8BF88DE53DE8F2D7ACD9276B /* Board */ = {
			isa = PBXGroup;
			children = (
				0E2EC7DA888E31E55CE0D715 /* AgentContextBar.swift */,
				65D15FC229A7AAA6AD493D1F /* AgentContextBarState.swift */,
				2F80894B4E875FD2C66F14CC /* BoardState.swift */,
				CC4D2EC281455699168DA872 /* BoardView.swift */,
				03E3D96CF06FCC7F116AF4DC /* ChangeSummaryState.swift */,
				2812AE57C17D25D125076FA3 /* ChangeSummaryView.swift */,
				A4322CD8BEEFC8C2FB832438 /* DispatchSheetState.swift */,
				BF5A488C20326CCE3A7FC46E /* DispatchSheetView.swift */,
				9958CDCF40B9580E12AD1A81 /* SparklineView.swift */,
			);
			path = Board;
			sourceTree = "<group>";
		};
		B26C6BDB50303355902FB133 /* Views */ = {
			isa = PBXGroup;
			children = (
				E244758FFE2BDDE3A8108C70 /* AgentChatState.swift */,
				DD14027C8C7BD17057DE820B /* AgentChatView.swift */,
				3927622EC3475A69EE524899 /* BlinkingCursor.swift */,
				638ED9425257ED4E5A2A9C5A /* BottomPanelState.swift */,
				443B3C2F0C91435E5C5A2E73 /* BottomPanelView.swift */,
				CFA9D8D41BCA4E6CB45243A2 /* BreadcrumbBar.swift */,
				DF1919291250D9AD1375A8C9 /* CompletionOverlay.swift */,
				BEA9C2BB0C840BE88B0FEA52 /* CompletionState.swift */,
				83165B89231936674C54B513 /* EditorNSView.swift */,
				0C26E064D810299C0302F439 /* EditorView.swift */,
				59AF3A14213020EF4F2200B4 /* FileTreeHeaderContent.swift */,
				CC2F98D07FE0F56DDBCD9525 /* FileTreeState.swift */,
				5458552EC58E44C7CD15A98A /* FileTreeView.swift */,
				84C47F406747CA6DD924A1AB /* FloatPopupOverlay.swift */,
				23EF5FFAD8310BD41CF784AC /* FloatPopupState.swift */,
				D13F0F0C4944C98854B726C0 /* GitStatusHeaderContent.swift */,
				16B5F67DE84B139C6F8F3C9F /* GitStatusState.swift */,
				CA5F52D925D26A6D8919A0CB /* GitStatusView.swift */,
				C2AC58C2F81C6E5B2C7004B3 /* GUIState.swift */,
				CBE5B840DF73BAC1A97CB7E6 /* HoverPopupOverlay.swift */,
				B66E4E27BE182768B01E5F64 /* HoverPopupState.swift */,
				2912755A61AF5BAF6ED3A480 /* IMEComposition.swift */,
				1AC5F0D37085813890268537 /* InlineEditField.swift */,
				7A67102D81C9E70546F1019B /* MessagesContentState.swift */,
				AFE9DFE38318A361BEF0B773 /* MessagesContentView.swift */,
				4D02E1034A8BFBDB7E15FCE9 /* MingaWindow.swift */,
				02D2D3B0C9A042E9A5C485E1 /* MinibufferState.swift */,
				05DDF3EED1B486C4639A06FF /* MinibufferView.swift */,
				52F606681DE9AA9D502A42AA /* PickerOverlay.swift */,
				92C0836F0D4150126F181C05 /* PickerState.swift */,
				BEFD30A2572AE2608F099407 /* ScrollAccumulator.swift */,
				452AAEF9518FDDF1FF8F51B0 /* SidebarContainer.swift */,
				1C991989EF4CA9F705DD3F4E /* SidebarHeaderButton.swift */,
				0070B497768FE68A63F5F114 /* SignatureHelpOverlay.swift */,
				3EED42A8B64B9CDFEF37ED9D /* SignatureHelpState.swift */,
				E892F827AFBE959F9DF25C05 /* StatusBarView.swift */,
				0A7AA0437B5C38BA8A8A80D5 /* TabBarState.swift */,
				03D7C3564C27A7E14D894539 /* TabBarView.swift */,
				BDA1A468192F9DE2BBF374DD /* TextHighlighting.swift */,
				00D6B3C68CFF37BC4303933A /* ThemeColors.swift */,
				A64B96EAA100E627F4E8E0A1 /* ToolManagerState.swift */,
				ED47BC6334A067AE04FEE032 /* ToolManagerView.swift */,
				074581CB7F823DBB4563E3A3 /* VibrancyBackground.swift */,
				CF8ACE680725ECE21E6E03B4 /* WhichKeyOverlay.swift */,
				70D5765529645C5D860576B7 /* WhichKeyState.swift */,
				73F9A4109AB33ABF7FB441EE /* WorkspaceIconPicker.swift */,
				8BF88DE53DE8F2D7ACD9276B /* Board */,
			);
			path = Views;
			sourceTree = "<group>";
		};
		BE05074760AA9D5983E99402 /* Protocol */ = {
			isa = PBXGroup;
			children = (
				4C874A0099721763D5109D99 /* BoardTypes.swift */,
				3E23DC6E0ACB156F21293E87 /* PortLogger.swift */,
				C441427A427E23B912F70092 /* ProtocolConstants.swift */,
				56750F0AAE58AF9A98BF5841 /* ProtocolDecoder.swift */,
				7CDC524DEAE5431F6B18A31B /* ProtocolEncoder.swift */,
				4AF6BEBA233BA1169CF8C642 /* ProtocolReader.swift */,
				08DE9CEF5C3D599B42635554 /* ProtocolTypes.swift */,
			);
			path = Protocol;
			sourceTree = "<group>";
		};
		C6B8D946BE6392AA3F4AE5E9 /* Sources */ = {
			isa = PBXGroup;
			children = (
				F0EFEC421284D11AD2177113 /* BEAMProcessManager.swift */,
				53CEDDFB3856C44BA51C8A7B /* Instrumentation.swift */,
				4A647814918768E62822D4A1 /* MingaApp.swift */,
				4AACF7C989E8FDB12B3EC840 /* Font */,
				BE05074760AA9D5983E99402 /* Protocol */,
				11BD8FE058FA53674B42329F /* Renderer */,
				B26C6BDB50303355902FB133 /* Views */,
			);
			path = Sources;
			sourceTree = "<group>";
		};
		D088D90543E0691383A8FA23 /* Resources */ = {
			isa = PBXGroup;
			children = (
				F5647A59C841B3C408994CC7 /* Assets.xcassets */,
				206B34B6897C65A6D1C21BFE /* bin */,
				13651B343AC3A6E146620074 /* Fonts */,
			);
			path = Resources;
			sourceTree = "<group>";
		};
		E8F5FA5379F05A4CFD1B29AA = {
			isa = PBXGroup;
			children = (
				D088D90543E0691383A8FA23 /* Resources */,
				C6B8D946BE6392AA3F4AE5E9 /* Sources */,
				616EA584E8B34ECF2CD77B29 /* Tests */,
				EAC6A96BCF212D9B7E7CEF60 /* Products */,
			);
			sourceTree = "<group>";
		};
		EAC6A96BCF212D9B7E7CEF60 /* Products */ = {
			isa = PBXGroup;
			children = (
				B9B4DF5FEB6C8DFCA427A692 /* Minga.app */,
				64CEFB02A774E5E8EF19029F /* MingaTests.xctest */,
			);
			name = Products;
			sourceTree = "<group>";
		};
		EF010AC81BF7F66D126A242B /* MingaTests */ = {
			isa = PBXGroup;
			children = (
				470991E7B3850B1AADFD46FD /* CommandDispatcherTests.swift */,
				053D515EC453DEBFF51FB6CB /* DecoderFuzzTests.swift */,
				57B35E8311966948B1BA7AEF /* DecoderRobustnessTests.swift */,
				BD2DE335B00721CBB29329F9 /* FontTests.swift */,
				E2C629D58FF3305F579BA5E2 /* GUIActionEncoderTests.swift */,
				754C68BAFE0C4DB553BFD06A /* GUIChromeDecoderTests.swift */,
				F6C3196976BC934B3112EF96 /* IMECompositionTests.swift */,
				7E4E980D53CCCE228BA59BD5 /* KeyboardInputTests.swift */,
				AA65B90C0347C6496C7FA986 /* MouseInputTests.swift */,
				321E4E28F5F49F089CCE2E1D /* PipelineCacheTests.swift */,
				47BD56B7D6D195D236F9BF40 /* ProtocolEncoderBinaryTests.swift */,
				19D226D16EF96375868F716D /* ProtocolEncoderDisconnectTests.swift */,
				3DC281B7F9F7E4C0BA793B1E /* ProtocolSchemaTests.swift */,
				F220A60775A252A728477659 /* ProtocolTests.swift */,
				211424F30BBE8A57852D5630 /* ScrollAccumulatorTests.swift */,
				1BD0DFA1F5211213E7AD6FA7 /* SidebarViewTests.swift */,
				9F8372175FF223C9260B00C4 /* SlotAllocatorTests.swift */,
				5634B25BE5BB945A83E30FAD /* StateLifecycleTests.swift */,
				86478D5660213F165B7E1E35 /* SwiftUIViewTests.swift */,
				56B00002D020FED57D265C74 /* SystemColorTests.swift */,
				F086ACF8E4F305C9DDAE24FF /* ThemeColorsTests.swift */,
				22420E1CC772DAFB9A5043C2 /* ViewModelComputedTests.swift */,
				620F7F967502D4F1F7AE8F03 /* WindowContentRendererTests.swift */,
				FD7FC26DB745A436D50E3AA6 /* WindowContentTests.swift */,
			);
			path = MingaTests;
			sourceTree = "<group>";
		};
/* End PBXGroup section */

/* Begin PBXNativeTarget section */
		2734C1C657DD572768745C3F /* MingaTests */ = {
			isa = PBXNativeTarget;
			buildConfigurationList = D780919DB5E11DE4AB14FA57 /* Build configuration list for PBXNativeTarget "MingaTests" */;
			buildPhases = (
				C8F3C47EE52117DADE97B9F9 /* Sources */,
				055B5DD060ABF986C99376D6 /* Frameworks */,
			);
			buildRules = (
			);
			dependencies = (
			);
			name = MingaTests;
			packageProductDependencies = (
				BD2531C0969FD21CC18D2FDB /* ViewInspector */,
			);
			productName = MingaTests;
			productReference = 64CEFB02A774E5E8EF19029F /* MingaTests.xctest */;
			productType = "com.apple.product-type.bundle.unit-test";
		};
		D96277718552247F338DD197 /* Minga */ = {
			isa = PBXNativeTarget;
			buildConfigurationList = D46DE51E179B7A9200E28B87 /* Build configuration list for PBXNativeTarget "Minga" */;
			buildPhases = (
				0DC99D5910B06BE8D7B8DE3E /* Sources */,
				DE42BE7E030FEAA69E9EC033 /* Copy CLI launcher */,
				F708F0C1577DD5141846EFB7 /* Resources */,
				DB4598C0910E3166689E6F1A /* Codesign */,
			);
			buildRules = (
			);
			dependencies = (
			);
			name = Minga;
			packageProductDependencies = (
			);
			productName = Minga;
			productReference = B9B4DF5FEB6C8DFCA427A692 /* Minga.app */;
			productType = "com.apple.product-type.application";
		};
/* End PBXNativeTarget section */

/* Begin PBXProject section */
		408C02F1934F748B5B5586FC /* Project object */ = {
			isa = PBXProject;
			attributes = {
				BuildIndependentTargetsInParallel = YES;
				LastUpgradeCheck = 1600;
				TargetAttributes = {
				};
			};
			buildConfigurationList = 089DCE5763E96542DB8ACF33 /* Build configuration list for PBXProject "Minga" */;
			developmentRegion = en;
			hasScannedForEncodings = 0;
			knownRegions = (
				Base,
				en,
			);
			mainGroup = E8F5FA5379F05A4CFD1B29AA;
			minimizedProjectReferenceProxies = 1;
			packageReferences = (
				44FD65C0FA0E5058965DCE65 /* XCRemoteSwiftPackageReference "ViewInspector" */,
			);
			preferredProjectObjectVersion = 77;
			productRefGroup = EAC6A96BCF212D9B7E7CEF60 /* Products */;
			projectDirPath = "";
			projectRoot = "";
			targets = (
				D96277718552247F338DD197 /* Minga */,
				2734C1C657DD572768745C3F /* MingaTests */,
			);
		};
/* End PBXProject section */

/* Begin PBXResourcesBuildPhase section */
		F708F0C1577DD5141846EFB7 /* Resources */ = {
			isa = PBXResourcesBuildPhase;
			buildActionMask = 2147483647;
			files = (
				F6F56719C285CB9C3EA62A57 /* Assets.xcassets in Resources */,
				7680EFD077E0B916411123FA /* SymbolsNerdFontMono-Regular.ttf in Resources */,
			);
			runOnlyForDeploymentPostprocessing = 0;
		};
/* End PBXResourcesBuildPhase section */

/* Begin PBXShellScriptBuildPhase section */
		DB4598C0910E3166689E6F1A /* Codesign */ = {
			isa = PBXShellScriptBuildPhase;
			alwaysOutOfDate = 1;
			buildActionMask = 2147483647;
			files = (
			);
			inputFileListPaths = (
			);
			inputPaths = (
			);
			name = Codesign;
			outputFileListPaths = (
			);
			outputPaths = (
			);
			runOnlyForDeploymentPostprocessing = 0;
			shellPath = /bin/sh;
			shellScript = "codesign --force --deep --sign - \"${BUILT_PRODUCTS_DIR}/${FULL_PRODUCT_NAME}\"\n";
		};
		DE42BE7E030FEAA69E9EC033 /* Copy CLI launcher */ = {
			isa = PBXShellScriptBuildPhase;
			alwaysOutOfDate = 1;
			buildActionMask = 2147483647;
			files = (
			);
			inputFileListPaths = (
			);
			inputPaths = (
				"$(SRCROOT)/Resources/bin/minga",
			);
			name = "Copy CLI launcher";
			outputFileListPaths = (
			);
			outputPaths = (
				"$(BUILT_PRODUCTS_DIR)/$(UNLOCALIZED_RESOURCES_FOLDER_PATH)/bin/minga",
			);
			runOnlyForDeploymentPostprocessing = 0;
			shellPath = /bin/sh;
			shellScript = "mkdir -p \"${BUILT_PRODUCTS_DIR}/${UNLOCALIZED_RESOURCES_FOLDER_PATH}/bin\"\ncp \"${SRCROOT}/Resources/bin/minga\" \"${BUILT_PRODUCTS_DIR}/${UNLOCALIZED_RESOURCES_FOLDER_PATH}/bin/minga\"\nchmod +x \"${BUILT_PRODUCTS_DIR}/${UNLOCALIZED_RESOURCES_FOLDER_PATH}/bin/minga\"\n";
		};
/* End PBXShellScriptBuildPhase section */

/* Begin PBXSourcesBuildPhase section */
		0DC99D5910B06BE8D7B8DE3E /* Sources */ = {
			isa = PBXSourcesBuildPhase;
			buildActionMask = 2147483647;
			files = (
				DE6C77896ED3E1E885216DC3 /* AgentChatState.swift in Sources */,
				4DF0BD94C77CA840CC92ACB7 /* AgentChatView.swift in Sources */,
				6131983A64CD5FE094D2430E /* AgentContextBar.swift in Sources */,
				3576D476C304CBAEA792D86A /* AgentContextBarState.swift in Sources */,
				19E561E5F7841B2CF1ABB085 /* BEAMProcessManager.swift in Sources */,
				18F0DDA03D08C0B4302DCCF4 /* BitmapRasterizer.swift in Sources */,
				0089154318A4683A07D2918C /* BlinkingCursor.swift in Sources */,
				B8A6959AD515E3C283B42665 /* BoardState.swift in Sources */,
				67BB06B6822104CDE37EDF83 /* BoardTypes.swift in Sources */,
				16B6B2060971E871478C57A8 /* BoardView.swift in Sources */,
				941C53DDBC488FE908656CD3 /* BottomPanelState.swift in Sources */,
				1965FE752C77D2EB386EC4D8 /* BottomPanelView.swift in Sources */,
				6860E9D6217B72EAA8AD71A5 /* BreadcrumbBar.swift in Sources */,
				AFE31388980EE451C8F734A3 /* CachedLineTexture.swift in Sources */,
				B17D4B05015400A97E490FEF /* ChangeSummaryState.swift in Sources */,
				0B68D79FFC2E1BC94D2B8F9F /* ChangeSummaryView.swift in Sources */,
				C44D9CF03C49E7BCA39A76A9 /* CommandDispatcher.swift in Sources */,
				6F7F50CEC5067770E4865C2A /* CompletionOverlay.swift in Sources */,
				B2063C405BABC6C1D394C3AF /* CompletionState.swift in Sources */,
				23DA463A92D1EC2F7BFA5B5A /* CoreTextMetalRenderer.swift in Sources */,
				16116567DD7218A82575360A /* CoreTextShaders.metal in Sources */,
				5E6F3B6E3BDA7B6CC3965F96 /* DispatchSheetState.swift in Sources */,
				C3E6CE94BD471AC7BA0FB4BB /* DispatchSheetView.swift in Sources */,
				82E444261F28262834866B20 /* EditorNSView.swift in Sources */,
				E5CE1B3EBAABD914418D892F /* EditorView.swift in Sources */,
				E04EB44BCBE0CEB501618F1A /* FileTreeHeaderContent.swift in Sources */,
				E073657EE87B3F145830B7C7 /* FileTreeState.swift in Sources */,
				5311F1060367B40B4077309F /* FileTreeView.swift in Sources */,
				73955B38CEFC09D29EADAD85 /* FloatPopupOverlay.swift in Sources */,
				E531C3FF51386D03BCE33EC7 /* FloatPopupState.swift in Sources */,
				95F6DCD24E2D261CF64EC8EB /* FontFace.swift in Sources */,
				E6B945D114487F6BD18ADD31 /* FontManager.swift in Sources */,
				E4A2887CDB5EDB64080E5096 /* FrameState.swift in Sources */,
				0704C24443A8A7455BE7853E /* GUIState.swift in Sources */,
				CA45D5770C1B334A821D3338 /* GitStatusHeaderContent.swift in Sources */,
				834AE58B6A66336706780324 /* GitStatusState.swift in Sources */,
				5FC076D7FA45C7F1829213AA /* GitStatusView.swift in Sources */,
				C61B2087D8184481CD9072B7 /* HoverPopupOverlay.swift in Sources */,
				50197E6E97D44EB7FF02A4E9 /* HoverPopupState.swift in Sources */,
				E480C69FBC5BB4A7B8474928 /* IMEComposition.swift in Sources */,
				C07AF84A6E689758D100A251 /* InlineEditField.swift in Sources */,
				8AB3B55F301192FA4F4A4E41 /* Instrumentation.swift in Sources */,
				EE84DA1BF4952359DD0DC343 /* LineTextureAtlas.swift in Sources */,
				3CD49A10C9BA962BBCB00CA8 /* MessagesContentState.swift in Sources */,
				42E4FAA9F204D88F8D19EFF6 /* MessagesContentView.swift in Sources */,
				BFF766FB4240D9E306D3557E /* MingaApp.swift in Sources */,
				D21259951FF33B28994B2E44 /* MingaWindow.swift in Sources */,
				3767C83415B32C31B33EFFFB /* MinibufferState.swift in Sources */,
				393F9EE9CE5F6691781C8CF7 /* MinibufferView.swift in Sources */,
				FA9C31900696A16D89169788 /* PickerOverlay.swift in Sources */,
				785A55B784A3EE17DC3E0AC6 /* PickerState.swift in Sources */,
				067369CB702835E93D254606 /* PipelineCache.swift in Sources */,
				ECE870F634AC4B097DA300AC /* PortLogger.swift in Sources */,
				A409AE210CBAE48D4DCE47F7 /* ProtocolConstants.swift in Sources */,
				FFA8B5D73FABC2792F4A3589 /* ProtocolDecoder.swift in Sources */,
				BF41C04B7AF7C400A4DC1474 /* ProtocolEncoder.swift in Sources */,
				364C48575BB95C9CA535A9C8 /* ProtocolReader.swift in Sources */,
				F5DA741E5CBCF22184C6C712 /* ProtocolTypes.swift in Sources */,
				A1AFA4551E04034C5FF5D39B /* ScrollAccumulator.swift in Sources */,
				ED8D3D1F950A66E95AA3093F /* SidebarContainer.swift in Sources */,
				19BF036E1B3A3CF589C5F578 /* SidebarHeaderButton.swift in Sources */,
				A613934E53A1D3B8BAEB69FB /* SignatureHelpOverlay.swift in Sources */,
				8CB3E1EEDEA109F6C0183597 /* SignatureHelpState.swift in Sources */,
				CE2F1915565DB90F4A7FC04C /* SlotAllocator.swift in Sources */,
				31B993BFA99DD58462B8924B /* SparklineView.swift in Sources */,
				084A4F7680D533CDACEC729A /* StatusBarView.swift in Sources */,
				C134E5115725A3A85492FF51 /* TabBarState.swift in Sources */,
				A574FC420DE17918612DFA48 /* TabBarView.swift in Sources */,
				92AFB851C9873F6E26F069A3 /* TextHighlighting.swift in Sources */,
				810251CDDA9CB63F881D426C /* ThemeColors.swift in Sources */,
				00BFD5EFCCE2F178469BBA9E /* ToolManagerState.swift in Sources */,
				2CB47C7E5221C260DE6EE77F /* ToolManagerView.swift in Sources */,
				6560FE3E237307974110AC6C /* VibrancyBackground.swift in Sources */,
				4699A67786955024F156446F /* WhichKeyOverlay.swift in Sources */,
				5FDD7CBBCB910BDC63276AA7 /* WhichKeyState.swift in Sources */,
				58D1135E113BF3A33EF7815F /* WindowContent.swift in Sources */,
				4ADE54090FEEF5AA2A6C86A0 /* WindowContentRenderer.swift in Sources */,
				A0351D1D024158F048BA1C25 /* WorkspaceIconPicker.swift in Sources */,
			);
			runOnlyForDeploymentPostprocessing = 0;
		};
		C8F3C47EE52117DADE97B9F9 /* Sources */ = {
			isa = PBXSourcesBuildPhase;
			buildActionMask = 2147483647;
			files = (
				1F9F7B302A2A8598C1391FA0 /* AgentChatState.swift in Sources */,
				0D5DFD181E86D51707D3A59E /* AgentChatView.swift in Sources */,
				4D631534301A80CEC8BC147A /* AgentContextBar.swift in Sources */,
				2F5F89DAEB979F0B5ACB9E7F /* AgentContextBarState.swift in Sources */,
				79E8353F67F7638721A02A54 /* BEAMProcessManager.swift in Sources */,
				64A5A16E02B3E2694060F1A1 /* BitmapRasterizer.swift in Sources */,
				87C92A93D274184D1608DAC5 /* BlinkingCursor.swift in Sources */,
				0D8C5FFA3F7BE723E50A58B6 /* BoardState.swift in Sources */,
				1309895DD1E560D133E0A932 /* BoardTypes.swift in Sources */,
				C778E929DAE153901EAB9F71 /* BoardView.swift in Sources */,
				5BEEC2FD4D95EBA70FE036E7 /* BottomPanelState.swift in Sources */,
				59546703C9DBB4BA6E15DE28 /* BottomPanelView.swift in Sources */,
				8F6865441CD813045F071273 /* BreadcrumbBar.swift in Sources */,
				E2BC69E1121328310B830E45 /* CachedLineTexture.swift in Sources */,
				7DB249F526EB508249BE3964 /* ChangeSummaryState.swift in Sources */,
				783AEDBA1B0D4557E0D1DD81 /* ChangeSummaryView.swift in Sources */,
				07C32C28178AE5675ACF4539 /* CommandDispatcher.swift in Sources */,
				28F3D7BFADCE4A2509D66C2B /* CommandDispatcherTests.swift in Sources */,
				C00E62ED31BA198B0EC92EAF /* CompletionOverlay.swift in Sources */,
				C607CC562920162A87010EA9 /* CompletionState.swift in Sources */,
				527C7DB557EFD09B3161BC20 /* CoreTextMetalRenderer.swift in Sources */,
				F3BB64E36F257BD7FACEA5D6 /* CoreTextShaders.metal in Sources */,
				888A35D1348A7A3CAE935561 /* DecoderFuzzTests.swift in Sources */,
				A6327C6FAB3DCFD57327FBF4 /* DecoderRobustnessTests.swift in Sources */,
				94DCAF47E7E66035A1073E12 /* DispatchSheetState.swift in Sources */,
				B96A987BD563834EAA59F6A1 /* DispatchSheetView.swift in Sources */,
				D1EEFBDAE315F717373F82BD /* EditorNSView.swift in Sources */,
				7A21099CFC922D178A3079DF /* EditorView.swift in Sources */,
				6BA7D7FBA7A05CDEA428811D /* FileTreeHeaderContent.swift in Sources */,
				C8FAD7BE37506758A1DBF8F6 /* FileTreeState.swift in Sources */,
				31E0D1C2347322703DA6CC71 /* FileTreeView.swift in Sources */,
				654E7E631260BE13502E1C32 /* FloatPopupOverlay.swift in Sources */,
				EACCC33CD56D244D5A8B30B3 /* FloatPopupState.swift in Sources */,
				78F06B9BFB553B50D9BDD50F /* FontFace.swift in Sources */,
				939991DD65293C6C796EAA66 /* FontManager.swift in Sources */,
				C715D937E8591D8BA46A29CD /* FontTests.swift in Sources */,
				63F3CF3A4746901FDF1C3356 /* FrameState.swift in Sources */,
				CD2952CCEB2FD594B269A75D /* GUIActionEncoderTests.swift in Sources */,
				30E31170A79F30413D15D858 /* GUIChromeDecoderTests.swift in Sources */,
				36E0C059965477465E15CC02 /* GUIState.swift in Sources */,
				CC72FE91F267AA744D4A6F1D /* GitStatusHeaderContent.swift in Sources */,
				7E2428F971A8835D3B42598B /* GitStatusState.swift in Sources */,
				D946EB891A72053F283BF971 /* GitStatusView.swift in Sources */,
				51BE3CA19AB1A7E18479EDD4 /* HoverPopupOverlay.swift in Sources */,
				E4B419899BF1AFB3E24B04C2 /* HoverPopupState.swift in Sources */,
				854BCC1151B43E9A161C95B5 /* IMEComposition.swift in Sources */,
				1631D7B76B33CD897C48F263 /* IMECompositionTests.swift in Sources */,
				E48B681F8D87180834B92C57 /* InlineEditField.swift in Sources */,
				25B21FDC79D3F65CAA270C99 /* Instrumentation.swift in Sources */,
				B0A5712B943D48F8F72C1DDA /* KeyboardInputTests.swift in Sources */,
				26DAAF2C2CCC2713AD30C539 /* LineTextureAtlas.swift in Sources */,
				8D55764B8CF042B4C48AA5D0 /* MessagesContentState.swift in Sources */,
				931A6127210D4ED441AC04B2 /* MessagesContentView.swift in Sources */,
				8B944E100C80DFF282D25D4C /* MingaWindow.swift in Sources */,
				74D29226F82E6ADE18E2E108 /* MinibufferState.swift in Sources */,
				3943C8DF3827347B61E6B725 /* MinibufferView.swift in Sources */,
				058481A528AFB6C7225A067D /* MouseInputTests.swift in Sources */,
				F560D385A1FB0A46824F7B1F /* PickerOverlay.swift in Sources */,
				32171233224FC90E1E956631 /* PickerState.swift in Sources */,
				BF4E98B0BE647893CB5DA85C /* PipelineCache.swift in Sources */,
				4E1EEFA65935DCE58528E02B /* PipelineCacheTests.swift in Sources */,
				5CADBD593C49EE44EBBD854E /* PortLogger.swift in Sources */,
				A78FBA1CD5BB02EEBA8ACB45 /* ProtocolConstants.swift in Sources */,
				93E7D214A27256CF06571EFE /* ProtocolDecoder.swift in Sources */,
				7C9B7CB6670412D9F4DE60BB /* ProtocolEncoder.swift in Sources */,
				778C6A917140005C0C0643CB /* ProtocolEncoderBinaryTests.swift in Sources */,
				DF3B2A645C089F616B9DBD1B /* ProtocolEncoderDisconnectTests.swift in Sources */,
				FA582944CD6B90BCABC13FCE /* ProtocolReader.swift in Sources */,
				F0A2BCCA095F1CA4FBE9BE3F /* ProtocolSchemaTests.swift in Sources */,
				686DD6EB8AFDCAFC79EA100A /* ProtocolTests.swift in Sources */,
				4515011E135C9FAE8D843610 /* ProtocolTypes.swift in Sources */,
				793247C2AB95598A1AC4C6EC /* ScrollAccumulator.swift in Sources */,
				D42695D627BD38405475ECFF /* ScrollAccumulatorTests.swift in Sources */,
				17338247D6D83DAF4DE5B9EA /* SidebarContainer.swift in Sources */,
				B52CC06DF924153EAA3BADBE /* SidebarHeaderButton.swift in Sources */,
				41DCC27275D0E8E903EAA061 /* SidebarViewTests.swift in Sources */,
				BBB00DAC44161274B154C350 /* SignatureHelpOverlay.swift in Sources */,
				2A5DCAC8284B11CD4F8625A5 /* SignatureHelpState.swift in Sources */,
				6700C63C4B7070D3388A7BD4 /* SlotAllocator.swift in Sources */,
				07C6F28E3CD1A55ABD5344AA /* SlotAllocatorTests.swift in Sources */,
				364F7DD64DD5E3AF11361F9B /* SparklineView.swift in Sources */,
				0BCDFB56E8397D739F52ED34 /* StateLifecycleTests.swift in Sources */,
				531166B714D49278BA811033 /* StatusBarView.swift in Sources */,
				9758BF46BB0EC7FEEB14FBA3 /* SwiftUIViewTests.swift in Sources */,
				FEFCEFCDC21C5AA5456036D0 /* SystemColorTests.swift in Sources */,
				03FDC63893F3CAA82BCE2A49 /* TabBarState.swift in Sources */,
				F16FDEC1BFC1776B1109622E /* TabBarView.swift in Sources */,
				0E10D47CFF85000F62B5AB9A /* TextHighlighting.swift in Sources */,
				B6295F0247ADE2D1D0133DCB /* ThemeColors.swift in Sources */,
				61CF67858355FFF4962D9D99 /* ThemeColorsTests.swift in Sources */,
				2BA99A1851D0FF01436D5FF8 /* ToolManagerState.swift in Sources */,
				4D83576C27CB59935BE53667 /* ToolManagerView.swift in Sources */,
				464594D4B82950CD0F0F250A /* VibrancyBackground.swift in Sources */,
				DD0B958D8ACEFFEF3C1A50AE /* ViewModelComputedTests.swift in Sources */,
				6474095F95F4DA480AFE91B7 /* WhichKeyOverlay.swift in Sources */,
				CF09E23141DB0E6D9B65826A /* WhichKeyState.swift in Sources */,
				44D48DF33203C53ACC3BA1AA /* WindowContent.swift in Sources */,
				AB804A6366BEFE62E30C929B /* WindowContentRenderer.swift in Sources */,
				B12FA22E8F25CE3E5F55366F /* WindowContentRendererTests.swift in Sources */,
				FEA7FDF0B8C5551790872FCA /* WindowContentTests.swift in Sources */,
				06D57AD02306EA08C458CC11 /* WorkspaceIconPicker.swift in Sources */,
			);
			runOnlyForDeploymentPostprocessing = 0;
		};
/* End PBXSourcesBuildPhase section */

/* Begin XCBuildConfiguration section */
		03D1C4FA288798B824DB15EC /* Release */ = {
			isa = XCBuildConfiguration;
			buildSettings = {
				ALWAYS_SEARCH_USER_PATHS = NO;
				CLANG_ANALYZER_NONNULL = YES;
				CLANG_ANALYZER_NUMBER_OBJECT_CONVERSION = YES_AGGRESSIVE;
				CLANG_CXX_LANGUAGE_STANDARD = "gnu++14";
				CLANG_CXX_LIBRARY = "libc++";
				CLANG_ENABLE_MODULES = YES;
				CLANG_ENABLE_OBJC_ARC = YES;
				CLANG_ENABLE_OBJC_WEAK = YES;
				CLANG_WARN_BLOCK_CAPTURE_AUTORELEASING = YES;
				CLANG_WARN_BOOL_CONVERSION = YES;
				CLANG_WARN_COMMA = YES;
				CLANG_WARN_CONSTANT_CONVERSION = YES;
				CLANG_WARN_DEPRECATED_OBJC_IMPLEMENTATIONS = YES;
				CLANG_WARN_DIRECT_OBJC_ISA_USAGE = YES_ERROR;
				CLANG_WARN_DOCUMENTATION_COMMENTS = YES;
				CLANG_WARN_EMPTY_BODY = YES;
				CLANG_WARN_ENUM_CONVERSION = YES;
				CLANG_WARN_INFINITE_RECURSION = YES;
				CLANG_WARN_INT_CONVERSION = YES;
				CLANG_WARN_NON_LITERAL_NULL_CONVERSION = YES;
				CLANG_WARN_OBJC_IMPLICIT_RETAIN_SELF = YES;
				CLANG_WARN_OBJC_LITERAL_CONVERSION = YES;
				CLANG_WARN_OBJC_ROOT_CLASS = YES_ERROR;
				CLANG_WARN_QUOTED_INCLUDE_IN_FRAMEWORK_HEADER = YES;
				CLANG_WARN_RANGE_LOOP_ANALYSIS = YES;
				CLANG_WARN_STRICT_PROTOTYPES = YES;
				CLANG_WARN_SUSPICIOUS_MOVE = YES;
				CLANG_WARN_UNGUARDED_AVAILABILITY = YES_AGGRESSIVE;
				CLANG_WARN_UNREACHABLE_CODE = YES;
				CLANG_WARN__DUPLICATE_METHOD_MATCH = YES;
				COPY_PHASE_STRIP = NO;
				DEBUG_INFORMATION_FORMAT = "dwarf-with-dsym";
				ENABLE_NS_ASSERTIONS = NO;
				ENABLE_STRICT_OBJC_MSGSEND = YES;
				GCC_C_LANGUAGE_STANDARD = gnu11;
				GCC_NO_COMMON_BLOCKS = YES;
				GCC_WARN_64_TO_32_BIT_CONVERSION = YES;
				GCC_WARN_ABOUT_RETURN_TYPE = YES_ERROR;
				GCC_WARN_UNDECLARED_SELECTOR = YES;
				GCC_WARN_UNINITIALIZED_AUTOS = YES_AGGRESSIVE;
				GCC_WARN_UNUSED_FUNCTION = YES;
				GCC_WARN_UNUSED_VARIABLE = YES;
				MACOSX_DEPLOYMENT_TARGET = 15.0;
				MTL_ENABLE_DEBUG_INFO = NO;
				MTL_FAST_MATH = YES;
				PRODUCT_NAME = "$(TARGET_NAME)";
				SDKROOT = macosx;
				SWIFT_COMPILATION_MODE = wholemodule;
				SWIFT_OPTIMIZATION_LEVEL = "-O";
				SWIFT_VERSION = 6.0;
				TOOLCHAINS = com.apple.dt.toolchain.Metal.32023.864;
			};
			name = Release;
		};
		22C805D6AD502DFD4ACC1331 /* Debug */ = {
			isa = XCBuildConfiguration;
			buildSettings = {
				ASSETCATALOG_COMPILER_APPICON_NAME = AppIcon;
				COMBINE_HIDPI_IMAGES = YES;
				CURRENT_PROJECT_VERSION = 1;
				INFOPLIST_FILE = Info.plist;
				LD_RUNPATH_SEARCH_PATHS = (
					"$(inherited)",
					"@executable_path/../Frameworks",
				);
				MARKETING_VERSION = 0.1.0;
				MTL_LANGUAGE_REVISION = UseDeploymentTarget;
				PRODUCT_BUNDLE_IDENTIFIER = com.minga.editor;
				PRODUCT_NAME = Minga;
				SDKROOT = macosx;
				SWIFT_OPTIMIZATION_LEVEL = "-Onone";
			};
			name = Debug;
		};
		333BBE9DFB9A1207127F43FA /* Debug */ = {
			isa = XCBuildConfiguration;
			buildSettings = {
				ALWAYS_SEARCH_USER_PATHS = NO;
				CLANG_ANALYZER_NONNULL = YES;
				CLANG_ANALYZER_NUMBER_OBJECT_CONVERSION = YES_AGGRESSIVE;
				CLANG_CXX_LANGUAGE_STANDARD = "gnu++14";
				CLANG_CXX_LIBRARY = "libc++";
				CLANG_ENABLE_MODULES = YES;
				CLANG_ENABLE_OBJC_ARC = YES;
				CLANG_ENABLE_OBJC_WEAK = YES;
				CLANG_WARN_BLOCK_CAPTURE_AUTORELEASING = YES;
				CLANG_WARN_BOOL_CONVERSION = YES;
				CLANG_WARN_COMMA = YES;
				CLANG_WARN_CONSTANT_CONVERSION = YES;
				CLANG_WARN_DEPRECATED_OBJC_IMPLEMENTATIONS = YES;
				CLANG_WARN_DIRECT_OBJC_ISA_USAGE = YES_ERROR;
				CLANG_WARN_DOCUMENTATION_COMMENTS = YES;
				CLANG_WARN_EMPTY_BODY = YES;
				CLANG_WARN_ENUM_CONVERSION = YES;
				CLANG_WARN_INFINITE_RECURSION = YES;
				CLANG_WARN_INT_CONVERSION = YES;
				CLANG_WARN_NON_LITERAL_NULL_CONVERSION = YES;
				CLANG_WARN_OBJC_IMPLICIT_RETAIN_SELF = YES;
				CLANG_WARN_OBJC_LITERAL_CONVERSION = YES;
				CLANG_WARN_OBJC_ROOT_CLASS = YES_ERROR;
				CLANG_WARN_QUOTED_INCLUDE_IN_FRAMEWORK_HEADER = YES;
				CLANG_WARN_RANGE_LOOP_ANALYSIS = YES;
				CLANG_WARN_STRICT_PROTOTYPES = YES;
				CLANG_WARN_SUSPICIOUS_MOVE = YES;
				CLANG_WARN_UNGUARDED_AVAILABILITY = YES_AGGRESSIVE;
				CLANG_WARN_UNREACHABLE_CODE = YES;
				CLANG_WARN__DUPLICATE_METHOD_MATCH = YES;
				COPY_PHASE_STRIP = NO;
				DEBUG_INFORMATION_FORMAT = dwarf;
				ENABLE_STRICT_OBJC_MSGSEND = YES;
				ENABLE_TESTABILITY = YES;
				GCC_C_LANGUAGE_STANDARD = gnu11;
				GCC_DYNAMIC_NO_PIC = NO;
				GCC_NO_COMMON_BLOCKS = YES;
				GCC_OPTIMIZATION_LEVEL = 0;
				GCC_PREPROCESSOR_DEFINITIONS = (
					"$(inherited)",
					"DEBUG=1",
				);
				GCC_WARN_64_TO_32_BIT_CONVERSION = YES;
				GCC_WARN_ABOUT_RETURN_TYPE = YES_ERROR;
				GCC_WARN_UNDECLARED_SELECTOR = YES;
				GCC_WARN_UNINITIALIZED_AUTOS = YES_AGGRESSIVE;
				GCC_WARN_UNUSED_FUNCTION = YES;
				GCC_WARN_UNUSED_VARIABLE = YES;
				MACOSX_DEPLOYMENT_TARGET = 15.0;
				MTL_ENABLE_DEBUG_INFO = INCLUDE_SOURCE;
				MTL_FAST_MATH = YES;
				ONLY_ACTIVE_ARCH = YES;
				PRODUCT_NAME = "$(TARGET_NAME)";
				SDKROOT = macosx;
				SWIFT_ACTIVE_COMPILATION_CONDITIONS = DEBUG;
				SWIFT_OPTIMIZATION_LEVEL = "-Onone";
				SWIFT_VERSION = 6.0;
				TOOLCHAINS = com.apple.dt.toolchain.Metal.32023.864;
			};
			name = Debug;
		};
		3DFDCCCABE804CEC45ADD300 /* Release */ = {
			isa = XCBuildConfiguration;
			buildSettings = {
				BUNDLE_LOADER = "$(TEST_HOST)";
				COMBINE_HIDPI_IMAGES = YES;
				GENERATE_INFOPLIST_FILE = YES;
				LD_RUNPATH_SEARCH_PATHS = (
					"$(inherited)",
					"@executable_path/../Frameworks",
					"@loader_path/../Frameworks",
				);
				PRODUCT_BUNDLE_IDENTIFIER = com.minga.MingaTests;
				PRODUCT_NAME = MingaTests;
				SDKROOT = macosx;
			};
			name = Release;
		};
		9DD36755A82F358FF8E42F34 /* Debug */ = {
			isa = XCBuildConfiguration;
			buildSettings = {
				BUNDLE_LOADER = "$(TEST_HOST)";
				COMBINE_HIDPI_IMAGES = YES;
				GENERATE_INFOPLIST_FILE = YES;
				LD_RUNPATH_SEARCH_PATHS = (
					"$(inherited)",
					"@executable_path/../Frameworks",
					"@loader_path/../Frameworks",
				);
				PRODUCT_BUNDLE_IDENTIFIER = com.minga.MingaTests;
				PRODUCT_NAME = MingaTests;
				SDKROOT = macosx;
			};
			name = Debug;
		};
		EFFA4244638F481E66EE8F95 /* Release */ = {
			isa = XCBuildConfiguration;
			buildSettings = {
				ASSETCATALOG_COMPILER_APPICON_NAME = AppIcon;
				COMBINE_HIDPI_IMAGES = YES;
				CURRENT_PROJECT_VERSION = 1;
				INFOPLIST_FILE = Info.plist;
				LD_RUNPATH_SEARCH_PATHS = (
					"$(inherited)",
					"@executable_path/../Frameworks",
				);
				MARKETING_VERSION = 0.1.0;
				MTL_LANGUAGE_REVISION = UseDeploymentTarget;
				PRODUCT_BUNDLE_IDENTIFIER = com.minga.editor;
				PRODUCT_NAME = Minga;
				SDKROOT = macosx;
				SWIFT_OPTIMIZATION_LEVEL = "-Onone";
			};
			name = Release;
		};
/* End XCBuildConfiguration section */

/* Begin XCConfigurationList section */
		089DCE5763E96542DB8ACF33 /* Build configuration list for PBXProject "Minga" */ = {
			isa = XCConfigurationList;
			buildConfigurations = (
				333BBE9DFB9A1207127F43FA /* Debug */,
				03D1C4FA288798B824DB15EC /* Release */,
			);
			defaultConfigurationIsVisible = 0;
			defaultConfigurationName = Debug;
		};
		D46DE51E179B7A9200E28B87 /* Build configuration list for PBXNativeTarget "Minga" */ = {
			isa = XCConfigurationList;
			buildConfigurations = (
				22C805D6AD502DFD4ACC1331 /* Debug */,
				EFFA4244638F481E66EE8F95 /* Release */,
			);
			defaultConfigurationIsVisible = 0;
			defaultConfigurationName = Debug;
		};
		D780919DB5E11DE4AB14FA57 /* Build configuration list for PBXNativeTarget "MingaTests" */ = {
			isa = XCConfigurationList;
			buildConfigurations = (
				9DD36755A82F358FF8E42F34 /* Debug */,
				3DFDCCCABE804CEC45ADD300 /* Release */,
			);
			defaultConfigurationIsVisible = 0;
			defaultConfigurationName = Debug;
		};
/* End XCConfigurationList section */

/* Begin XCRemoteSwiftPackageReference section */
		44FD65C0FA0E5058965DCE65 /* XCRemoteSwiftPackageReference "ViewInspector" */ = {
			isa = XCRemoteSwiftPackageReference;
			repositoryURL = "https://github.com/nalexn/ViewInspector";
			requirement = {
				kind = upToNextMajorVersion;
				minimumVersion = 0.10.3;
			};
		};
/* End XCRemoteSwiftPackageReference section */

/* Begin XCSwiftPackageProductDependency section */
		BD2531C0969FD21CC18D2FDB /* ViewInspector */ = {
			isa = XCSwiftPackageProductDependency;
			package = 44FD65C0FA0E5058965DCE65 /* XCRemoteSwiftPackageReference "ViewInspector" */;
			productName = ViewInspector;
		};
/* End XCSwiftPackageProductDependency section */
	};
	rootObject = 408C02F1934F748B5B5586FC /* Project object */;
}
